// !$*UTF8*$!
{
	archiveVersion = 1;
	classes = {
	};
	objectVersion = 46;
	objects = {

/* Begin PBXBuildFile section */
		8118D1151A5CE90D001C0ADF /* ConvoViewController.swift in Sources */ = {isa = PBXBuildFile; fileRef = 8118D1141A5CE90D001C0ADF /* ConvoViewController.swift */; };
		8152EFF51A644687007D93C3 /* FeedSegue.swift in Sources */ = {isa = PBXBuildFile; fileRef = 8152EFF41A644687007D93C3 /* FeedSegue.swift */; };
		815BF0D81A5E1BF9003D2FCC /* bubble.png in Resources */ = {isa = PBXBuildFile; fileRef = 815BF0851A5E1BF9003D2FCC /* bubble.png */; };
		815BF0D91A5E1BF9003D2FCC /* bubble@2x.png in Resources */ = {isa = PBXBuildFile; fileRef = 815BF0861A5E1BF9003D2FCC /* bubble@2x.png */; };
		815BF0DA1A5E1BF9003D2FCC /* bubble_min.png in Resources */ = {isa = PBXBuildFile; fileRef = 815BF0871A5E1BF9003D2FCC /* bubble_min.png */; };
		815BF0DB1A5E1BF9003D2FCC /* bubble_min@2x.png in Resources */ = {isa = PBXBuildFile; fileRef = 815BF0881A5E1BF9003D2FCC /* bubble_min@2x.png */; };
		815BF0DC1A5E1BF9003D2FCC /* bubble_min_tailless.png in Resources */ = {isa = PBXBuildFile; fileRef = 815BF0891A5E1BF9003D2FCC /* bubble_min_tailless.png */; };
		815BF0DD1A5E1BF9003D2FCC /* bubble_min_tailless@2x.png in Resources */ = {isa = PBXBuildFile; fileRef = 815BF08A1A5E1BF9003D2FCC /* bubble_min_tailless@2x.png */; };
		815BF0DE1A5E1BF9003D2FCC /* bubble_stroked.png in Resources */ = {isa = PBXBuildFile; fileRef = 815BF08B1A5E1BF9003D2FCC /* bubble_stroked.png */; };
		815BF0DF1A5E1BF9003D2FCC /* bubble_stroked@2x.png in Resources */ = {isa = PBXBuildFile; fileRef = 815BF08C1A5E1BF9003D2FCC /* bubble_stroked@2x.png */; };
		815BF0E01A5E1BF9003D2FCC /* bubble_stroked_tailless.png in Resources */ = {isa = PBXBuildFile; fileRef = 815BF08D1A5E1BF9003D2FCC /* bubble_stroked_tailless.png */; };
		815BF0E11A5E1BF9003D2FCC /* bubble_stroked_tailless@2x.png in Resources */ = {isa = PBXBuildFile; fileRef = 815BF08E1A5E1BF9003D2FCC /* bubble_stroked_tailless@2x.png */; };
		815BF0E21A5E1BF9003D2FCC /* bubble_tailless.png in Resources */ = {isa = PBXBuildFile; fileRef = 815BF08F1A5E1BF9003D2FCC /* bubble_tailless.png */; };
		815BF0E31A5E1BF9003D2FCC /* bubble_tailless@2x.png in Resources */ = {isa = PBXBuildFile; fileRef = 815BF0901A5E1BF9003D2FCC /* bubble_tailless@2x.png */; };
		815BF0E41A5E1BF9003D2FCC /* camera.png in Resources */ = {isa = PBXBuildFile; fileRef = 815BF0911A5E1BF9003D2FCC /* camera.png */; };
		815BF0E51A5E1BF9003D2FCC /* camera@2x.png in Resources */ = {isa = PBXBuildFile; fileRef = 815BF0921A5E1BF9003D2FCC /* camera@2x.png */; };
		815BF0E61A5E1BF9003D2FCC /* typing.png in Resources */ = {isa = PBXBuildFile; fileRef = 815BF0931A5E1BF9003D2FCC /* typing.png */; };
		815BF0E71A5E1BF9003D2FCC /* typing@2x.png in Resources */ = {isa = PBXBuildFile; fileRef = 815BF0941A5E1BF9003D2FCC /* typing@2x.png */; };
		815BF0E81A5E1BF9003D2FCC /* message_received.aiff in Resources */ = {isa = PBXBuildFile; fileRef = 815BF0961A5E1BF9003D2FCC /* message_received.aiff */; };
		815BF0E91A5E1BF9003D2FCC /* message_sent.aiff in Resources */ = {isa = PBXBuildFile; fileRef = 815BF0971A5E1BF9003D2FCC /* message_sent.aiff */; };
		815BF0EA1A5E1BF9003D2FCC /* JSQSystemSoundPlayer+JSQMessages.m in Sources */ = {isa = PBXBuildFile; fileRef = 815BF09A1A5E1BF9003D2FCC /* JSQSystemSoundPlayer+JSQMessages.m */; };
		815BF0EB1A5E1BF9003D2FCC /* NSString+JSQMessages.m in Sources */ = {isa = PBXBuildFile; fileRef = 815BF09C1A5E1BF9003D2FCC /* NSString+JSQMessages.m */; };
		815BF0EC1A5E1BF9003D2FCC /* UIColor+JSQMessages.m in Sources */ = {isa = PBXBuildFile; fileRef = 815BF09E1A5E1BF9003D2FCC /* UIColor+JSQMessages.m */; };
		815BF0ED1A5E1BF9003D2FCC /* UIImage+JSQMessages.m in Sources */ = {isa = PBXBuildFile; fileRef = 815BF0A01A5E1BF9003D2FCC /* UIImage+JSQMessages.m */; };
		815BF0EE1A5E1BF9003D2FCC /* UIView+JSQMessages.m in Sources */ = {isa = PBXBuildFile; fileRef = 815BF0A21A5E1BF9003D2FCC /* UIView+JSQMessages.m */; };
		815BF0EF1A5E1BF9003D2FCC /* JSQMessagesKeyboardController.m in Sources */ = {isa = PBXBuildFile; fileRef = 815BF0A51A5E1BF9003D2FCC /* JSQMessagesKeyboardController.m */; };
		815BF0F01A5E1BF9003D2FCC /* JSQMessagesViewController.m in Sources */ = {isa = PBXBuildFile; fileRef = 815BF0A71A5E1BF9003D2FCC /* JSQMessagesViewController.m */; };
		815BF0F11A5E1BF9003D2FCC /* JSQMessagesViewController.xib in Resources */ = {isa = PBXBuildFile; fileRef = 815BF0A81A5E1BF9003D2FCC /* JSQMessagesViewController.xib */; };
		815BF0F21A5E1BF9003D2FCC /* JSQMessagesAvatarFactory.m in Sources */ = {isa = PBXBuildFile; fileRef = 815BF0AB1A5E1BF9003D2FCC /* JSQMessagesAvatarFactory.m */; };
		815BF0F31A5E1BF9003D2FCC /* JSQMessagesBubbleImageFactory.m in Sources */ = {isa = PBXBuildFile; fileRef = 815BF0AD1A5E1BF9003D2FCC /* JSQMessagesBubbleImageFactory.m */; };
		815BF0F41A5E1BF9003D2FCC /* JSQMessagesTimestampFormatter.m in Sources */ = {isa = PBXBuildFile; fileRef = 815BF0AF1A5E1BF9003D2FCC /* JSQMessagesTimestampFormatter.m */; };
		815BF0F51A5E1BF9003D2FCC /* JSQMessagesToolbarButtonFactory.m in Sources */ = {isa = PBXBuildFile; fileRef = 815BF0B11A5E1BF9003D2FCC /* JSQMessagesToolbarButtonFactory.m */; };
		815BF0F61A5E1BF9003D2FCC /* JSQMessagesCollectionViewFlowLayout.m in Sources */ = {isa = PBXBuildFile; fileRef = 815BF0B51A5E1BF9003D2FCC /* JSQMessagesCollectionViewFlowLayout.m */; };
		815BF0F71A5E1BF9003D2FCC /* JSQMessagesCollectionViewFlowLayoutInvalidationContext.m in Sources */ = {isa = PBXBuildFile; fileRef = 815BF0B71A5E1BF9003D2FCC /* JSQMessagesCollectionViewFlowLayoutInvalidationContext.m */; };
		815BF0F81A5E1BF9003D2FCC /* JSQMessagesCollectionViewLayoutAttributes.m in Sources */ = {isa = PBXBuildFile; fileRef = 815BF0B91A5E1BF9003D2FCC /* JSQMessagesCollectionViewLayoutAttributes.m */; };
		815BF0F91A5E1BF9003D2FCC /* JSQMessage.m in Sources */ = {isa = PBXBuildFile; fileRef = 815BF0BC1A5E1BF9003D2FCC /* JSQMessage.m */; };
		815BF0FA1A5E1BF9003D2FCC /* JSQMessagesCollectionView.m in Sources */ = {isa = PBXBuildFile; fileRef = 815BF0C01A5E1BF9003D2FCC /* JSQMessagesCollectionView.m */; };
		815BF0FB1A5E1BF9003D2FCC /* JSQMessagesCollectionViewCell.m in Sources */ = {isa = PBXBuildFile; fileRef = 815BF0C21A5E1BF9003D2FCC /* JSQMessagesCollectionViewCell.m */; };
		815BF0FC1A5E1BF9003D2FCC /* JSQMessagesCollectionViewCellIncoming.m in Sources */ = {isa = PBXBuildFile; fileRef = 815BF0C41A5E1BF9003D2FCC /* JSQMessagesCollectionViewCellIncoming.m */; };
		815BF0FD1A5E1BF9003D2FCC /* JSQMessagesCollectionViewCellIncoming.xib in Resources */ = {isa = PBXBuildFile; fileRef = 815BF0C51A5E1BF9003D2FCC /* JSQMessagesCollectionViewCellIncoming.xib */; };
		815BF0FE1A5E1BF9003D2FCC /* JSQMessagesCollectionViewCellOutgoing.m in Sources */ = {isa = PBXBuildFile; fileRef = 815BF0C71A5E1BF9003D2FCC /* JSQMessagesCollectionViewCellOutgoing.m */; };
		815BF0FF1A5E1BF9003D2FCC /* JSQMessagesCollectionViewCellOutgoing.xib in Resources */ = {isa = PBXBuildFile; fileRef = 815BF0C81A5E1BF9003D2FCC /* JSQMessagesCollectionViewCellOutgoing.xib */; };
		815BF1001A5E1BF9003D2FCC /* JSQMessagesComposerTextView.m in Sources */ = {isa = PBXBuildFile; fileRef = 815BF0CA1A5E1BF9003D2FCC /* JSQMessagesComposerTextView.m */; };
		815BF1011A5E1BF9003D2FCC /* JSQMessagesInputToolbar.m in Sources */ = {isa = PBXBuildFile; fileRef = 815BF0CC1A5E1BF9003D2FCC /* JSQMessagesInputToolbar.m */; };
		815BF1021A5E1BF9003D2FCC /* JSQMessagesLabel.m in Sources */ = {isa = PBXBuildFile; fileRef = 815BF0CE1A5E1BF9003D2FCC /* JSQMessagesLabel.m */; };
		815BF1031A5E1BF9003D2FCC /* JSQMessagesLoadEarlierHeaderView.m in Sources */ = {isa = PBXBuildFile; fileRef = 815BF0D01A5E1BF9003D2FCC /* JSQMessagesLoadEarlierHeaderView.m */; };
		815BF1041A5E1BF9003D2FCC /* JSQMessagesLoadEarlierHeaderView.xib in Resources */ = {isa = PBXBuildFile; fileRef = 815BF0D11A5E1BF9003D2FCC /* JSQMessagesLoadEarlierHeaderView.xib */; };
		815BF1051A5E1BF9003D2FCC /* JSQMessagesToolbarContentView.m in Sources */ = {isa = PBXBuildFile; fileRef = 815BF0D31A5E1BF9003D2FCC /* JSQMessagesToolbarContentView.m */; };
		815BF1061A5E1BF9003D2FCC /* JSQMessagesToolbarContentView.xib in Resources */ = {isa = PBXBuildFile; fileRef = 815BF0D41A5E1BF9003D2FCC /* JSQMessagesToolbarContentView.xib */; };
		815BF1071A5E1BF9003D2FCC /* JSQMessagesTypingIndicatorFooterView.m in Sources */ = {isa = PBXBuildFile; fileRef = 815BF0D61A5E1BF9003D2FCC /* JSQMessagesTypingIndicatorFooterView.m */; };
		815BF1081A5E1BF9003D2FCC /* JSQMessagesTypingIndicatorFooterView.xib in Resources */ = {isa = PBXBuildFile; fileRef = 815BF0D71A5E1BF9003D2FCC /* JSQMessagesTypingIndicatorFooterView.xib */; };
		815BF10D1A5E1C08003D2FCC /* JSQSystemSoundPlayer.m in Sources */ = {isa = PBXBuildFile; fileRef = 815BF10C1A5E1C08003D2FCC /* JSQSystemSoundPlayer.m */; };
		8172FD931A64C6A700B1BD29 /* NewPostSegue.swift in Sources */ = {isa = PBXBuildFile; fileRef = 8172FD921A64C6A700B1BD29 /* NewPostSegue.swift */; };
		817BCEEB1A6220F8008F5A39 /* Friends.storyboard in Resources */ = {isa = PBXBuildFile; fileRef = 817BCEEA1A6220F8008F5A39 /* Friends.storyboard */; };
		817BCEED1A622104008F5A39 /* Feed.storyboard in Resources */ = {isa = PBXBuildFile; fileRef = 817BCEEC1A622104008F5A39 /* Feed.storyboard */; };
		817BCEEF1A622136008F5A39 /* NewPost.storyboard in Resources */ = {isa = PBXBuildFile; fileRef = 817BCEEE1A622136008F5A39 /* NewPost.storyboard */; };
		817BCEF11A622144008F5A39 /* Profile.storyboard in Resources */ = {isa = PBXBuildFile; fileRef = 817BCEF01A622144008F5A39 /* Profile.storyboard */; };
		817C9C8B1A61B6BE005DF330 /* Messages.storyboard in Resources */ = {isa = PBXBuildFile; fileRef = 817C9C8A1A61B6BE005DF330 /* Messages.storyboard */; };
		819BE1F21A7D74C800D15611 /* MessageCell.swift in Sources */ = {isa = PBXBuildFile; fileRef = 819BE1F11A7D74C800D15611 /* MessageCell.swift */; };
		81E0FE141A6377D800E62FE5 /* MessagesSegue.swift in Sources */ = {isa = PBXBuildFile; fileRef = 81E0FE131A6377D800E62FE5 /* MessagesSegue.swift */; };
		81E0FE161A6379B700E62FE5 /* FriendsSegue.swift in Sources */ = {isa = PBXBuildFile; fileRef = 81E0FE151A6379B700E62FE5 /* FriendsSegue.swift */; };
		821416031A69AE95002A36E1 /* SidPanelViewController.swift in Sources */ = {isa = PBXBuildFile; fileRef = 821416021A69AE95002A36E1 /* SidPanelViewController.swift */; };
		8217D6561A69750B00C94E90 /* SWRevealViewController.m in Sources */ = {isa = PBXBuildFile; fileRef = 8217D6551A69750B00C94E90 /* SWRevealViewController.m */; };
		8251ADC01A70279A00FD3437 /* UserSelectionImageView.swift in Sources */ = {isa = PBXBuildFile; fileRef = 8251ADBF1A70279A00FD3437 /* UserSelectionImageView.swift */; };
		825DBC3B1A5F127300C8B07C /* ThreadDetailViewController.swift in Sources */ = {isa = PBXBuildFile; fileRef = 825DBC3A1A5F127300C8B07C /* ThreadDetailViewController.swift */; };
		825DBC3D1A5F14CD00C8B07C /* Reply.swift in Sources */ = {isa = PBXBuildFile; fileRef = 825DBC3C1A5F14CD00C8B07C /* Reply.swift */; };
		825DBC3F1A5F825F00C8B07C /* ThreadAvatarImageView.swift in Sources */ = {isa = PBXBuildFile; fileRef = 825DBC3E1A5F825F00C8B07C /* ThreadAvatarImageView.swift */; };
		82703F4019F0A3E600EBEC4E /* AppDelegate.swift in Sources */ = {isa = PBXBuildFile; fileRef = 82703F3F19F0A3E600EBEC4E /* AppDelegate.swift */; };
		82703F4519F0A3E600EBEC4E /* Main.storyboard in Resources */ = {isa = PBXBuildFile; fileRef = 82703F4319F0A3E600EBEC4E /* Main.storyboard */; };
		82703F4719F0A3E600EBEC4E /* Images.xcassets in Resources */ = {isa = PBXBuildFile; fileRef = 82703F4619F0A3E600EBEC4E /* Images.xcassets */; };
		82703F4A19F0A3E600EBEC4E /* LaunchScreen.xib in Resources */ = {isa = PBXBuildFile; fileRef = 82703F4819F0A3E600EBEC4E /* LaunchScreen.xib */; };
		82703F5619F0A3E600EBEC4E /* slingTests.swift in Sources */ = {isa = PBXBuildFile; fileRef = 82703F5519F0A3E600EBEC4E /* slingTests.swift */; };
		82703F6419F0B61800EBEC4E /* QuestionFeedViewController.swift in Sources */ = {isa = PBXBuildFile; fileRef = 82703F6319F0B61800EBEC4E /* QuestionFeedViewController.swift */; };
		82935AFF19F0DB1800EC8C59 /* PostViewController.swift in Sources */ = {isa = PBXBuildFile; fileRef = 82935AFE19F0DB1800EC8C59 /* PostViewController.swift */; };
		82974EC91A4F169100D2B9F7 /* ConvoDetailViewController.swift in Sources */ = {isa = PBXBuildFile; fileRef = 82974EC81A4F169100D2B9F7 /* ConvoDetailViewController.swift */; };
		82974ECD1A51BAE200D2B9F7 /* ConvoParentViewController.swift in Sources */ = {isa = PBXBuildFile; fileRef = 82974ECC1A51BAE200D2B9F7 /* ConvoParentViewController.swift */; };
		82974ECF1A54571A00D2B9F7 /* FriendCollectionViewController.swift in Sources */ = {isa = PBXBuildFile; fileRef = 82974ECE1A54571A00D2B9F7 /* FriendCollectionViewController.swift */; };
		82974ED11A5457A200D2B9F7 /* UserCell.swift in Sources */ = {isa = PBXBuildFile; fileRef = 82974ED01A5457A200D2B9F7 /* UserCell.swift */; };
		82A25C8B19F14DA300B24156 /* SlingNavigationController.swift in Sources */ = {isa = PBXBuildFile; fileRef = 82A25C8A19F14DA300B24156 /* SlingNavigationController.swift */; };
		82A25CBF19F18EC800B24156 /* QuestionData.xcdatamodeld in Sources */ = {isa = PBXBuildFile; fileRef = 82A25CBD19F18EC800B24156 /* QuestionData.xcdatamodeld */; };
		82A8AEB21A7443D700D76A2C /* ThreadCollectionCell.swift in Sources */ = {isa = PBXBuildFile; fileRef = 82A8AEB11A7443D700D76A2C /* ThreadCollectionCell.swift */; };
		82B0A2301A5C7D0000887222 /* Discussion.swift in Sources */ = {isa = PBXBuildFile; fileRef = 82B0A22F1A5C7D0000887222 /* Discussion.swift */; };
		82B0A2321A5D9BAC00887222 /* FriendParentViewController.swift in Sources */ = {isa = PBXBuildFile; fileRef = 82B0A2311A5D9BAC00887222 /* FriendParentViewController.swift */; };
		82CE259319F9EB8A000A4424 /* TableCell.swift in Sources */ = {isa = PBXBuildFile; fileRef = 82CE259219F9EB8A000A4424 /* TableCell.swift */; };
		82F7E0EB1A5B35D100901922 /* Thread.swift in Sources */ = {isa = PBXBuildFile; fileRef = 82F7E0EA1A5B35D100901922 /* Thread.swift */; };
		82F7E0ED1A5B3D7100901922 /* ThreadFeedViewController.swift in Sources */ = {isa = PBXBuildFile; fileRef = 82F7E0EC1A5B3D7100901922 /* ThreadFeedViewController.swift */; };
		82F7E0EF1A5B3DE600901922 /* ThreadCell.swift in Sources */ = {isa = PBXBuildFile; fileRef = 82F7E0EE1A5B3DE600901922 /* ThreadCell.swift */; };
		A788EDA119FF649400BF4B02 /* Bolts.framework in Frameworks */ = {isa = PBXBuildFile; fileRef = A788ED9E19FF649400BF4B02 /* Bolts.framework */; };
		A788EDA219FF649400BF4B02 /* Parse.framework in Frameworks */ = {isa = PBXBuildFile; fileRef = A788ED9F19FF649400BF4B02 /* Parse.framework */; };
		A788EDA319FF649400BF4B02 /* ParseFacebookUtils.framework in Frameworks */ = {isa = PBXBuildFile; fileRef = A788EDA019FF649400BF4B02 /* ParseFacebookUtils.framework */; };
		A79B9D4A1A4904FC0030F56D /* FacebookSDK.framework in Frameworks */ = {isa = PBXBuildFile; fileRef = A79B9D491A4904FC0030F56D /* FacebookSDK.framework */; };
		A79B9D4C1A4A32C90030F56D /* Conversation.swift in Sources */ = {isa = PBXBuildFile; fileRef = A79B9D4B1A4A32C90030F56D /* Conversation.swift */; };
		A79D69031A60C1C400E7BA94 /* LoginViewController.swift in Sources */ = {isa = PBXBuildFile; fileRef = A79D69021A60C1C400E7BA94 /* LoginViewController.swift */; };
		A79D69051A60C1D100E7BA94 /* SignupViewController.swift in Sources */ = {isa = PBXBuildFile; fileRef = A79D69041A60C1D100E7BA94 /* SignupViewController.swift */; };
		A79D69111A60DC1B00E7BA94 /* MyProfileViewController.swift in Sources */ = {isa = PBXBuildFile; fileRef = A79D69101A60DC1B00E7BA94 /* MyProfileViewController.swift */; };
		A7FD59CC1A4AC8680074D2AF /* Message.swift in Sources */ = {isa = PBXBuildFile; fileRef = A7FD59CB1A4AC8680074D2AF /* Message.swift */; };
		A7FD59D11A50011A0074D2AF /* UserData.swift in Sources */ = {isa = PBXBuildFile; fileRef = A7FD59D01A50011A0074D2AF /* UserData.swift */; };
		D3FCDA8919FF567800D1A8FB /* Accounts.framework in Frameworks */ = {isa = PBXBuildFile; fileRef = D3FCDA8819FF567800D1A8FB /* Accounts.framework */; };
		D3FCDA8B19FF567F00D1A8FB /* AudioToolbox.framework in Frameworks */ = {isa = PBXBuildFile; fileRef = D3FCDA8A19FF567F00D1A8FB /* AudioToolbox.framework */; };
		D3FCDA8D19FF568300D1A8FB /* CFNetwork.framework in Frameworks */ = {isa = PBXBuildFile; fileRef = D3FCDA8C19FF568300D1A8FB /* CFNetwork.framework */; };
		D3FCDA8F19FF568A00D1A8FB /* CoreGraphics.framework in Frameworks */ = {isa = PBXBuildFile; fileRef = D3FCDA8E19FF568A00D1A8FB /* CoreGraphics.framework */; };
		D3FCDA9119FF56A300D1A8FB /* libz.dylib in Frameworks */ = {isa = PBXBuildFile; fileRef = D3FCDA9019FF56A300D1A8FB /* libz.dylib */; };
		D3FCDA9319FF56B100D1A8FB /* MobileCoreServices.framework in Frameworks */ = {isa = PBXBuildFile; fileRef = D3FCDA9219FF56B100D1A8FB /* MobileCoreServices.framework */; };
		D3FCDA9519FF56BA00D1A8FB /* QuartzCore.framework in Frameworks */ = {isa = PBXBuildFile; fileRef = D3FCDA9419FF56BA00D1A8FB /* QuartzCore.framework */; };
		D3FCDA9719FF56C200D1A8FB /* Security.framework in Frameworks */ = {isa = PBXBuildFile; fileRef = D3FCDA9619FF56C200D1A8FB /* Security.framework */; };
		D3FCDA9919FF56D600D1A8FB /* Social.framework in Frameworks */ = {isa = PBXBuildFile; fileRef = D3FCDA9819FF56D600D1A8FB /* Social.framework */; };
		D3FCDA9B19FF56DF00D1A8FB /* StoreKit.framework in Frameworks */ = {isa = PBXBuildFile; fileRef = D3FCDA9A19FF56DF00D1A8FB /* StoreKit.framework */; };
		D3FCDA9D19FF56E800D1A8FB /* SystemConfiguration.framework in Frameworks */ = {isa = PBXBuildFile; fileRef = D3FCDA9C19FF56E800D1A8FB /* SystemConfiguration.framework */; };
/* End PBXBuildFile section */

/* Begin PBXContainerItemProxy section */
		82703F5019F0A3E600EBEC4E /* PBXContainerItemProxy */ = {
			isa = PBXContainerItemProxy;
			containerPortal = 82703F3219F0A3E600EBEC4E /* Project object */;
			proxyType = 1;
			remoteGlobalIDString = 82703F3919F0A3E600EBEC4E;
			remoteInfo = sling;
		};
/* End PBXContainerItemProxy section */

/* Begin PBXFileReference section */
		8118D1141A5CE90D001C0ADF /* ConvoViewController.swift */ = {isa = PBXFileReference; fileEncoding = 4; lastKnownFileType = sourcecode.swift; path = ConvoViewController.swift; sourceTree = "<group>"; };
		8152EFF41A644687007D93C3 /* FeedSegue.swift */ = {isa = PBXFileReference; fileEncoding = 4; lastKnownFileType = sourcecode.swift; path = FeedSegue.swift; sourceTree = "<group>"; };
		815BF0851A5E1BF9003D2FCC /* bubble.png */ = {isa = PBXFileReference; lastKnownFileType = image.png; path = bubble.png; sourceTree = "<group>"; };
		815BF0861A5E1BF9003D2FCC /* bubble@2x.png */ = {isa = PBXFileReference; lastKnownFileType = image.png; path = "bubble@2x.png"; sourceTree = "<group>"; };
		815BF0871A5E1BF9003D2FCC /* bubble_min.png */ = {isa = PBXFileReference; lastKnownFileType = image.png; path = bubble_min.png; sourceTree = "<group>"; };
		815BF0881A5E1BF9003D2FCC /* bubble_min@2x.png */ = {isa = PBXFileReference; lastKnownFileType = image.png; path = "bubble_min@2x.png"; sourceTree = "<group>"; };
		815BF0891A5E1BF9003D2FCC /* bubble_min_tailless.png */ = {isa = PBXFileReference; lastKnownFileType = image.png; path = bubble_min_tailless.png; sourceTree = "<group>"; };
		815BF08A1A5E1BF9003D2FCC /* bubble_min_tailless@2x.png */ = {isa = PBXFileReference; lastKnownFileType = image.png; path = "bubble_min_tailless@2x.png"; sourceTree = "<group>"; };
		815BF08B1A5E1BF9003D2FCC /* bubble_stroked.png */ = {isa = PBXFileReference; lastKnownFileType = image.png; path = bubble_stroked.png; sourceTree = "<group>"; };
		815BF08C1A5E1BF9003D2FCC /* bubble_stroked@2x.png */ = {isa = PBXFileReference; lastKnownFileType = image.png; path = "bubble_stroked@2x.png"; sourceTree = "<group>"; };
		815BF08D1A5E1BF9003D2FCC /* bubble_stroked_tailless.png */ = {isa = PBXFileReference; lastKnownFileType = image.png; path = bubble_stroked_tailless.png; sourceTree = "<group>"; };
		815BF08E1A5E1BF9003D2FCC /* bubble_stroked_tailless@2x.png */ = {isa = PBXFileReference; lastKnownFileType = image.png; path = "bubble_stroked_tailless@2x.png"; sourceTree = "<group>"; };
		815BF08F1A5E1BF9003D2FCC /* bubble_tailless.png */ = {isa = PBXFileReference; lastKnownFileType = image.png; path = bubble_tailless.png; sourceTree = "<group>"; };
		815BF0901A5E1BF9003D2FCC /* bubble_tailless@2x.png */ = {isa = PBXFileReference; lastKnownFileType = image.png; path = "bubble_tailless@2x.png"; sourceTree = "<group>"; };
		815BF0911A5E1BF9003D2FCC /* camera.png */ = {isa = PBXFileReference; lastKnownFileType = image.png; path = camera.png; sourceTree = "<group>"; };
		815BF0921A5E1BF9003D2FCC /* camera@2x.png */ = {isa = PBXFileReference; lastKnownFileType = image.png; path = "camera@2x.png"; sourceTree = "<group>"; };
		815BF0931A5E1BF9003D2FCC /* typing.png */ = {isa = PBXFileReference; lastKnownFileType = image.png; path = typing.png; sourceTree = "<group>"; };
		815BF0941A5E1BF9003D2FCC /* typing@2x.png */ = {isa = PBXFileReference; lastKnownFileType = image.png; path = "typing@2x.png"; sourceTree = "<group>"; };
		815BF0961A5E1BF9003D2FCC /* message_received.aiff */ = {isa = PBXFileReference; lastKnownFileType = audio.aiff; path = message_received.aiff; sourceTree = "<group>"; };
		815BF0971A5E1BF9003D2FCC /* message_sent.aiff */ = {isa = PBXFileReference; lastKnownFileType = audio.aiff; path = message_sent.aiff; sourceTree = "<group>"; };
		815BF0991A5E1BF9003D2FCC /* JSQSystemSoundPlayer+JSQMessages.h */ = {isa = PBXFileReference; fileEncoding = 4; lastKnownFileType = sourcecode.c.h; path = "JSQSystemSoundPlayer+JSQMessages.h"; sourceTree = "<group>"; };
		815BF09A1A5E1BF9003D2FCC /* JSQSystemSoundPlayer+JSQMessages.m */ = {isa = PBXFileReference; fileEncoding = 4; lastKnownFileType = sourcecode.c.objc; path = "JSQSystemSoundPlayer+JSQMessages.m"; sourceTree = "<group>"; };
		815BF09B1A5E1BF9003D2FCC /* NSString+JSQMessages.h */ = {isa = PBXFileReference; fileEncoding = 4; lastKnownFileType = sourcecode.c.h; path = "NSString+JSQMessages.h"; sourceTree = "<group>"; };
		815BF09C1A5E1BF9003D2FCC /* NSString+JSQMessages.m */ = {isa = PBXFileReference; fileEncoding = 4; lastKnownFileType = sourcecode.c.objc; path = "NSString+JSQMessages.m"; sourceTree = "<group>"; };
		815BF09D1A5E1BF9003D2FCC /* UIColor+JSQMessages.h */ = {isa = PBXFileReference; fileEncoding = 4; lastKnownFileType = sourcecode.c.h; path = "UIColor+JSQMessages.h"; sourceTree = "<group>"; };
		815BF09E1A5E1BF9003D2FCC /* UIColor+JSQMessages.m */ = {isa = PBXFileReference; fileEncoding = 4; lastKnownFileType = sourcecode.c.objc; path = "UIColor+JSQMessages.m"; sourceTree = "<group>"; };
		815BF09F1A5E1BF9003D2FCC /* UIImage+JSQMessages.h */ = {isa = PBXFileReference; fileEncoding = 4; lastKnownFileType = sourcecode.c.h; path = "UIImage+JSQMessages.h"; sourceTree = "<group>"; };
		815BF0A01A5E1BF9003D2FCC /* UIImage+JSQMessages.m */ = {isa = PBXFileReference; fileEncoding = 4; lastKnownFileType = sourcecode.c.objc; path = "UIImage+JSQMessages.m"; sourceTree = "<group>"; };
		815BF0A11A5E1BF9003D2FCC /* UIView+JSQMessages.h */ = {isa = PBXFileReference; fileEncoding = 4; lastKnownFileType = sourcecode.c.h; path = "UIView+JSQMessages.h"; sourceTree = "<group>"; };
		815BF0A21A5E1BF9003D2FCC /* UIView+JSQMessages.m */ = {isa = PBXFileReference; fileEncoding = 4; lastKnownFileType = sourcecode.c.objc; path = "UIView+JSQMessages.m"; sourceTree = "<group>"; };
		815BF0A41A5E1BF9003D2FCC /* JSQMessagesKeyboardController.h */ = {isa = PBXFileReference; fileEncoding = 4; lastKnownFileType = sourcecode.c.h; path = JSQMessagesKeyboardController.h; sourceTree = "<group>"; };
		815BF0A51A5E1BF9003D2FCC /* JSQMessagesKeyboardController.m */ = {isa = PBXFileReference; fileEncoding = 4; lastKnownFileType = sourcecode.c.objc; path = JSQMessagesKeyboardController.m; sourceTree = "<group>"; };
		815BF0A61A5E1BF9003D2FCC /* JSQMessagesViewController.h */ = {isa = PBXFileReference; fileEncoding = 4; lastKnownFileType = sourcecode.c.h; path = JSQMessagesViewController.h; sourceTree = "<group>"; };
		815BF0A71A5E1BF9003D2FCC /* JSQMessagesViewController.m */ = {isa = PBXFileReference; fileEncoding = 4; lastKnownFileType = sourcecode.c.objc; path = JSQMessagesViewController.m; sourceTree = "<group>"; };
		815BF0A81A5E1BF9003D2FCC /* JSQMessagesViewController.xib */ = {isa = PBXFileReference; fileEncoding = 4; lastKnownFileType = file.xib; path = JSQMessagesViewController.xib; sourceTree = "<group>"; };
		815BF0AA1A5E1BF9003D2FCC /* JSQMessagesAvatarFactory.h */ = {isa = PBXFileReference; fileEncoding = 4; lastKnownFileType = sourcecode.c.h; path = JSQMessagesAvatarFactory.h; sourceTree = "<group>"; };
		815BF0AB1A5E1BF9003D2FCC /* JSQMessagesAvatarFactory.m */ = {isa = PBXFileReference; fileEncoding = 4; lastKnownFileType = sourcecode.c.objc; path = JSQMessagesAvatarFactory.m; sourceTree = "<group>"; };
		815BF0AC1A5E1BF9003D2FCC /* JSQMessagesBubbleImageFactory.h */ = {isa = PBXFileReference; fileEncoding = 4; lastKnownFileType = sourcecode.c.h; path = JSQMessagesBubbleImageFactory.h; sourceTree = "<group>"; };
		815BF0AD1A5E1BF9003D2FCC /* JSQMessagesBubbleImageFactory.m */ = {isa = PBXFileReference; fileEncoding = 4; lastKnownFileType = sourcecode.c.objc; path = JSQMessagesBubbleImageFactory.m; sourceTree = "<group>"; };
		815BF0AE1A5E1BF9003D2FCC /* JSQMessagesTimestampFormatter.h */ = {isa = PBXFileReference; fileEncoding = 4; lastKnownFileType = sourcecode.c.h; path = JSQMessagesTimestampFormatter.h; sourceTree = "<group>"; };
		815BF0AF1A5E1BF9003D2FCC /* JSQMessagesTimestampFormatter.m */ = {isa = PBXFileReference; fileEncoding = 4; lastKnownFileType = sourcecode.c.objc; path = JSQMessagesTimestampFormatter.m; sourceTree = "<group>"; };
		815BF0B01A5E1BF9003D2FCC /* JSQMessagesToolbarButtonFactory.h */ = {isa = PBXFileReference; fileEncoding = 4; lastKnownFileType = sourcecode.c.h; path = JSQMessagesToolbarButtonFactory.h; sourceTree = "<group>"; };
		815BF0B11A5E1BF9003D2FCC /* JSQMessagesToolbarButtonFactory.m */ = {isa = PBXFileReference; fileEncoding = 4; lastKnownFileType = sourcecode.c.objc; path = JSQMessagesToolbarButtonFactory.m; sourceTree = "<group>"; };
		815BF0B21A5E1BF9003D2FCC /* JSQMessages.h */ = {isa = PBXFileReference; fileEncoding = 4; lastKnownFileType = sourcecode.c.h; path = JSQMessages.h; sourceTree = "<group>"; };
		815BF0B41A5E1BF9003D2FCC /* JSQMessagesCollectionViewFlowLayout.h */ = {isa = PBXFileReference; fileEncoding = 4; lastKnownFileType = sourcecode.c.h; path = JSQMessagesCollectionViewFlowLayout.h; sourceTree = "<group>"; };
		815BF0B51A5E1BF9003D2FCC /* JSQMessagesCollectionViewFlowLayout.m */ = {isa = PBXFileReference; fileEncoding = 4; lastKnownFileType = sourcecode.c.objc; path = JSQMessagesCollectionViewFlowLayout.m; sourceTree = "<group>"; };
		815BF0B61A5E1BF9003D2FCC /* JSQMessagesCollectionViewFlowLayoutInvalidationContext.h */ = {isa = PBXFileReference; fileEncoding = 4; lastKnownFileType = sourcecode.c.h; path = JSQMessagesCollectionViewFlowLayoutInvalidationContext.h; sourceTree = "<group>"; };
		815BF0B71A5E1BF9003D2FCC /* JSQMessagesCollectionViewFlowLayoutInvalidationContext.m */ = {isa = PBXFileReference; fileEncoding = 4; lastKnownFileType = sourcecode.c.objc; path = JSQMessagesCollectionViewFlowLayoutInvalidationContext.m; sourceTree = "<group>"; };
		815BF0B81A5E1BF9003D2FCC /* JSQMessagesCollectionViewLayoutAttributes.h */ = {isa = PBXFileReference; fileEncoding = 4; lastKnownFileType = sourcecode.c.h; path = JSQMessagesCollectionViewLayoutAttributes.h; sourceTree = "<group>"; };
		815BF0B91A5E1BF9003D2FCC /* JSQMessagesCollectionViewLayoutAttributes.m */ = {isa = PBXFileReference; fileEncoding = 4; lastKnownFileType = sourcecode.c.objc; path = JSQMessagesCollectionViewLayoutAttributes.m; sourceTree = "<group>"; };
		815BF0BB1A5E1BF9003D2FCC /* JSQMessage.h */ = {isa = PBXFileReference; fileEncoding = 4; lastKnownFileType = sourcecode.c.h; path = JSQMessage.h; sourceTree = "<group>"; };
		815BF0BC1A5E1BF9003D2FCC /* JSQMessage.m */ = {isa = PBXFileReference; fileEncoding = 4; lastKnownFileType = sourcecode.c.objc; path = JSQMessage.m; sourceTree = "<group>"; };
		815BF0BD1A5E1BF9003D2FCC /* JSQMessageData.h */ = {isa = PBXFileReference; fileEncoding = 4; lastKnownFileType = sourcecode.c.h; path = JSQMessageData.h; sourceTree = "<group>"; };
		815BF0BF1A5E1BF9003D2FCC /* JSQMessagesCollectionView.h */ = {isa = PBXFileReference; fileEncoding = 4; lastKnownFileType = sourcecode.c.h; path = JSQMessagesCollectionView.h; sourceTree = "<group>"; };
		815BF0C01A5E1BF9003D2FCC /* JSQMessagesCollectionView.m */ = {isa = PBXFileReference; fileEncoding = 4; lastKnownFileType = sourcecode.c.objc; path = JSQMessagesCollectionView.m; sourceTree = "<group>"; };
		815BF0C11A5E1BF9003D2FCC /* JSQMessagesCollectionViewCell.h */ = {isa = PBXFileReference; fileEncoding = 4; lastKnownFileType = sourcecode.c.h; path = JSQMessagesCollectionViewCell.h; sourceTree = "<group>"; };
		815BF0C21A5E1BF9003D2FCC /* JSQMessagesCollectionViewCell.m */ = {isa = PBXFileReference; fileEncoding = 4; lastKnownFileType = sourcecode.c.objc; path = JSQMessagesCollectionViewCell.m; sourceTree = "<group>"; };
		815BF0C31A5E1BF9003D2FCC /* JSQMessagesCollectionViewCellIncoming.h */ = {isa = PBXFileReference; fileEncoding = 4; lastKnownFileType = sourcecode.c.h; path = JSQMessagesCollectionViewCellIncoming.h; sourceTree = "<group>"; };
		815BF0C41A5E1BF9003D2FCC /* JSQMessagesCollectionViewCellIncoming.m */ = {isa = PBXFileReference; fileEncoding = 4; lastKnownFileType = sourcecode.c.objc; path = JSQMessagesCollectionViewCellIncoming.m; sourceTree = "<group>"; };
		815BF0C51A5E1BF9003D2FCC /* JSQMessagesCollectionViewCellIncoming.xib */ = {isa = PBXFileReference; fileEncoding = 4; lastKnownFileType = file.xib; path = JSQMessagesCollectionViewCellIncoming.xib; sourceTree = "<group>"; };
		815BF0C61A5E1BF9003D2FCC /* JSQMessagesCollectionViewCellOutgoing.h */ = {isa = PBXFileReference; fileEncoding = 4; lastKnownFileType = sourcecode.c.h; path = JSQMessagesCollectionViewCellOutgoing.h; sourceTree = "<group>"; };
		815BF0C71A5E1BF9003D2FCC /* JSQMessagesCollectionViewCellOutgoing.m */ = {isa = PBXFileReference; fileEncoding = 4; lastKnownFileType = sourcecode.c.objc; path = JSQMessagesCollectionViewCellOutgoing.m; sourceTree = "<group>"; };
		815BF0C81A5E1BF9003D2FCC /* JSQMessagesCollectionViewCellOutgoing.xib */ = {isa = PBXFileReference; fileEncoding = 4; lastKnownFileType = file.xib; path = JSQMessagesCollectionViewCellOutgoing.xib; sourceTree = "<group>"; };
		815BF0C91A5E1BF9003D2FCC /* JSQMessagesComposerTextView.h */ = {isa = PBXFileReference; fileEncoding = 4; lastKnownFileType = sourcecode.c.h; path = JSQMessagesComposerTextView.h; sourceTree = "<group>"; };
		815BF0CA1A5E1BF9003D2FCC /* JSQMessagesComposerTextView.m */ = {isa = PBXFileReference; fileEncoding = 4; lastKnownFileType = sourcecode.c.objc; path = JSQMessagesComposerTextView.m; sourceTree = "<group>"; };
		815BF0CB1A5E1BF9003D2FCC /* JSQMessagesInputToolbar.h */ = {isa = PBXFileReference; fileEncoding = 4; lastKnownFileType = sourcecode.c.h; path = JSQMessagesInputToolbar.h; sourceTree = "<group>"; };
		815BF0CC1A5E1BF9003D2FCC /* JSQMessagesInputToolbar.m */ = {isa = PBXFileReference; fileEncoding = 4; lastKnownFileType = sourcecode.c.objc; path = JSQMessagesInputToolbar.m; sourceTree = "<group>"; };
		815BF0CD1A5E1BF9003D2FCC /* JSQMessagesLabel.h */ = {isa = PBXFileReference; fileEncoding = 4; lastKnownFileType = sourcecode.c.h; path = JSQMessagesLabel.h; sourceTree = "<group>"; };
		815BF0CE1A5E1BF9003D2FCC /* JSQMessagesLabel.m */ = {isa = PBXFileReference; fileEncoding = 4; lastKnownFileType = sourcecode.c.objc; path = JSQMessagesLabel.m; sourceTree = "<group>"; };
		815BF0CF1A5E1BF9003D2FCC /* JSQMessagesLoadEarlierHeaderView.h */ = {isa = PBXFileReference; fileEncoding = 4; lastKnownFileType = sourcecode.c.h; path = JSQMessagesLoadEarlierHeaderView.h; sourceTree = "<group>"; };
		815BF0D01A5E1BF9003D2FCC /* JSQMessagesLoadEarlierHeaderView.m */ = {isa = PBXFileReference; fileEncoding = 4; lastKnownFileType = sourcecode.c.objc; path = JSQMessagesLoadEarlierHeaderView.m; sourceTree = "<group>"; };
		815BF0D11A5E1BF9003D2FCC /* JSQMessagesLoadEarlierHeaderView.xib */ = {isa = PBXFileReference; fileEncoding = 4; lastKnownFileType = file.xib; path = JSQMessagesLoadEarlierHeaderView.xib; sourceTree = "<group>"; };
		815BF0D21A5E1BF9003D2FCC /* JSQMessagesToolbarContentView.h */ = {isa = PBXFileReference; fileEncoding = 4; lastKnownFileType = sourcecode.c.h; path = JSQMessagesToolbarContentView.h; sourceTree = "<group>"; };
		815BF0D31A5E1BF9003D2FCC /* JSQMessagesToolbarContentView.m */ = {isa = PBXFileReference; fileEncoding = 4; lastKnownFileType = sourcecode.c.objc; path = JSQMessagesToolbarContentView.m; sourceTree = "<group>"; };
		815BF0D41A5E1BF9003D2FCC /* JSQMessagesToolbarContentView.xib */ = {isa = PBXFileReference; fileEncoding = 4; lastKnownFileType = file.xib; path = JSQMessagesToolbarContentView.xib; sourceTree = "<group>"; };
		815BF0D51A5E1BF9003D2FCC /* JSQMessagesTypingIndicatorFooterView.h */ = {isa = PBXFileReference; fileEncoding = 4; lastKnownFileType = sourcecode.c.h; path = JSQMessagesTypingIndicatorFooterView.h; sourceTree = "<group>"; };
		815BF0D61A5E1BF9003D2FCC /* JSQMessagesTypingIndicatorFooterView.m */ = {isa = PBXFileReference; fileEncoding = 4; lastKnownFileType = sourcecode.c.objc; path = JSQMessagesTypingIndicatorFooterView.m; sourceTree = "<group>"; };
		815BF0D71A5E1BF9003D2FCC /* JSQMessagesTypingIndicatorFooterView.xib */ = {isa = PBXFileReference; fileEncoding = 4; lastKnownFileType = file.xib; path = JSQMessagesTypingIndicatorFooterView.xib; sourceTree = "<group>"; };
		815BF10B1A5E1C08003D2FCC /* JSQSystemSoundPlayer.h */ = {isa = PBXFileReference; fileEncoding = 4; lastKnownFileType = sourcecode.c.h; path = JSQSystemSoundPlayer.h; sourceTree = "<group>"; };
		815BF10C1A5E1C08003D2FCC /* JSQSystemSoundPlayer.m */ = {isa = PBXFileReference; fileEncoding = 4; lastKnownFileType = sourcecode.c.objc; path = JSQSystemSoundPlayer.m; sourceTree = "<group>"; };
		8172FD921A64C6A700B1BD29 /* NewPostSegue.swift */ = {isa = PBXFileReference; fileEncoding = 4; lastKnownFileType = sourcecode.swift; path = NewPostSegue.swift; sourceTree = "<group>"; };
		817BCEEA1A6220F8008F5A39 /* Friends.storyboard */ = {isa = PBXFileReference; fileEncoding = 4; lastKnownFileType = file.storyboard; path = Friends.storyboard; sourceTree = "<group>"; };
		817BCEEC1A622104008F5A39 /* Feed.storyboard */ = {isa = PBXFileReference; fileEncoding = 4; lastKnownFileType = file.storyboard; path = Feed.storyboard; sourceTree = "<group>"; };
		817BCEEE1A622136008F5A39 /* NewPost.storyboard */ = {isa = PBXFileReference; fileEncoding = 4; lastKnownFileType = file.storyboard; path = NewPost.storyboard; sourceTree = "<group>"; };
		817BCEF01A622144008F5A39 /* Profile.storyboard */ = {isa = PBXFileReference; fileEncoding = 4; lastKnownFileType = file.storyboard; path = Profile.storyboard; sourceTree = "<group>"; };
		817C9C8A1A61B6BE005DF330 /* Messages.storyboard */ = {isa = PBXFileReference; fileEncoding = 4; lastKnownFileType = file.storyboard; path = Messages.storyboard; sourceTree = "<group>"; };
		819BE1F11A7D74C800D15611 /* MessageCell.swift */ = {isa = PBXFileReference; fileEncoding = 4; lastKnownFileType = sourcecode.swift; path = MessageCell.swift; sourceTree = "<group>"; };
		81E0FE131A6377D800E62FE5 /* MessagesSegue.swift */ = {isa = PBXFileReference; fileEncoding = 4; lastKnownFileType = sourcecode.swift; path = MessagesSegue.swift; sourceTree = "<group>"; };
		81E0FE151A6379B700E62FE5 /* FriendsSegue.swift */ = {isa = PBXFileReference; fileEncoding = 4; lastKnownFileType = sourcecode.swift; path = FriendsSegue.swift; sourceTree = "<group>"; };
		821416021A69AE95002A36E1 /* SidPanelViewController.swift */ = {isa = PBXFileReference; fileEncoding = 4; lastKnownFileType = sourcecode.swift; path = SidPanelViewController.swift; sourceTree = "<group>"; };
		8217D6541A69750B00C94E90 /* SWRevealViewController.h */ = {isa = PBXFileReference; fileEncoding = 4; lastKnownFileType = sourcecode.c.h; path = SWRevealViewController.h; sourceTree = "<group>"; };
		8217D6551A69750B00C94E90 /* SWRevealViewController.m */ = {isa = PBXFileReference; fileEncoding = 4; lastKnownFileType = sourcecode.c.objc; path = SWRevealViewController.m; sourceTree = "<group>"; };
		8251ADBF1A70279A00FD3437 /* UserSelectionImageView.swift */ = {isa = PBXFileReference; fileEncoding = 4; lastKnownFileType = sourcecode.swift; path = UserSelectionImageView.swift; sourceTree = "<group>"; };
		825DBC3A1A5F127300C8B07C /* ThreadDetailViewController.swift */ = {isa = PBXFileReference; fileEncoding = 4; lastKnownFileType = sourcecode.swift; path = ThreadDetailViewController.swift; sourceTree = "<group>"; };
		825DBC3C1A5F14CD00C8B07C /* Reply.swift */ = {isa = PBXFileReference; fileEncoding = 4; lastKnownFileType = sourcecode.swift; path = Reply.swift; sourceTree = "<group>"; };
		825DBC3E1A5F825F00C8B07C /* ThreadAvatarImageView.swift */ = {isa = PBXFileReference; fileEncoding = 4; lastKnownFileType = sourcecode.swift; path = ThreadAvatarImageView.swift; sourceTree = "<group>"; };
		82703F3A19F0A3E600EBEC4E /* sling.app */ = {isa = PBXFileReference; explicitFileType = wrapper.application; includeInIndex = 0; path = sling.app; sourceTree = BUILT_PRODUCTS_DIR; };
		82703F3E19F0A3E600EBEC4E /* Info.plist */ = {isa = PBXFileReference; lastKnownFileType = text.plist.xml; path = Info.plist; sourceTree = "<group>"; };
		82703F3F19F0A3E600EBEC4E /* AppDelegate.swift */ = {isa = PBXFileReference; lastKnownFileType = sourcecode.swift; path = AppDelegate.swift; sourceTree = "<group>"; };
		82703F4419F0A3E600EBEC4E /* Base */ = {isa = PBXFileReference; lastKnownFileType = file.storyboard; name = Base; path = Base.lproj/Main.storyboard; sourceTree = "<group>"; };
		82703F4619F0A3E600EBEC4E /* Images.xcassets */ = {isa = PBXFileReference; lastKnownFileType = folder.assetcatalog; path = Images.xcassets; sourceTree = "<group>"; };
		82703F4919F0A3E600EBEC4E /* Base */ = {isa = PBXFileReference; lastKnownFileType = file.xib; name = Base; path = Base.lproj/LaunchScreen.xib; sourceTree = "<group>"; };
		82703F4F19F0A3E600EBEC4E /* slingTests.xctest */ = {isa = PBXFileReference; explicitFileType = wrapper.cfbundle; includeInIndex = 0; path = slingTests.xctest; sourceTree = BUILT_PRODUCTS_DIR; };
		82703F5419F0A3E600EBEC4E /* Info.plist */ = {isa = PBXFileReference; lastKnownFileType = text.plist.xml; path = Info.plist; sourceTree = "<group>"; };
		82703F5519F0A3E600EBEC4E /* slingTests.swift */ = {isa = PBXFileReference; lastKnownFileType = sourcecode.swift; path = slingTests.swift; sourceTree = "<group>"; };
		82703F6319F0B61800EBEC4E /* QuestionFeedViewController.swift */ = {isa = PBXFileReference; fileEncoding = 4; lastKnownFileType = sourcecode.swift; path = QuestionFeedViewController.swift; sourceTree = "<group>"; };
		82935AFE19F0DB1800EC8C59 /* PostViewController.swift */ = {isa = PBXFileReference; fileEncoding = 4; lastKnownFileType = sourcecode.swift; path = PostViewController.swift; sourceTree = "<group>"; };
		82974EC81A4F169100D2B9F7 /* ConvoDetailViewController.swift */ = {isa = PBXFileReference; fileEncoding = 4; lastKnownFileType = sourcecode.swift; path = ConvoDetailViewController.swift; sourceTree = "<group>"; };
		82974ECC1A51BAE200D2B9F7 /* ConvoParentViewController.swift */ = {isa = PBXFileReference; fileEncoding = 4; lastKnownFileType = sourcecode.swift; path = ConvoParentViewController.swift; sourceTree = "<group>"; };
		82974ECE1A54571A00D2B9F7 /* FriendCollectionViewController.swift */ = {isa = PBXFileReference; fileEncoding = 4; lastKnownFileType = sourcecode.swift; path = FriendCollectionViewController.swift; sourceTree = "<group>"; };
		82974ED01A5457A200D2B9F7 /* UserCell.swift */ = {isa = PBXFileReference; fileEncoding = 4; lastKnownFileType = sourcecode.swift; path = UserCell.swift; sourceTree = "<group>"; };
		82A25C8A19F14DA300B24156 /* SlingNavigationController.swift */ = {isa = PBXFileReference; fileEncoding = 4; lastKnownFileType = sourcecode.swift; path = SlingNavigationController.swift; sourceTree = "<group>"; };
		82A25CBE19F18EC800B24156 /* QuestionData.xcdatamodel */ = {isa = PBXFileReference; lastKnownFileType = wrapper.xcdatamodel; path = QuestionData.xcdatamodel; sourceTree = "<group>"; };
		82A8AEB11A7443D700D76A2C /* ThreadCollectionCell.swift */ = {isa = PBXFileReference; fileEncoding = 4; lastKnownFileType = sourcecode.swift; path = ThreadCollectionCell.swift; sourceTree = "<group>"; };
		82B0A22F1A5C7D0000887222 /* Discussion.swift */ = {isa = PBXFileReference; fileEncoding = 4; lastKnownFileType = sourcecode.swift; path = Discussion.swift; sourceTree = "<group>"; };
		82B0A2311A5D9BAC00887222 /* FriendParentViewController.swift */ = {isa = PBXFileReference; fileEncoding = 4; lastKnownFileType = sourcecode.swift; path = FriendParentViewController.swift; sourceTree = "<group>"; };
		82CE259219F9EB8A000A4424 /* TableCell.swift */ = {isa = PBXFileReference; fileEncoding = 4; lastKnownFileType = sourcecode.swift; path = TableCell.swift; sourceTree = "<group>"; };
		82F7E0EA1A5B35D100901922 /* Thread.swift */ = {isa = PBXFileReference; fileEncoding = 4; lastKnownFileType = sourcecode.swift; path = Thread.swift; sourceTree = "<group>"; };
		82F7E0EC1A5B3D7100901922 /* ThreadFeedViewController.swift */ = {isa = PBXFileReference; fileEncoding = 4; lastKnownFileType = sourcecode.swift; path = ThreadFeedViewController.swift; sourceTree = "<group>"; wrapsLines = 1; };
		82F7E0EE1A5B3DE600901922 /* ThreadCell.swift */ = {isa = PBXFileReference; fileEncoding = 4; lastKnownFileType = sourcecode.swift; path = ThreadCell.swift; sourceTree = "<group>"; };
		A788ED9E19FF649400BF4B02 /* Bolts.framework */ = {isa = PBXFileReference; lastKnownFileType = wrapper.framework; path = Bolts.framework; sourceTree = "<group>"; };
		A788ED9F19FF649400BF4B02 /* Parse.framework */ = {isa = PBXFileReference; lastKnownFileType = wrapper.framework; path = Parse.framework; sourceTree = "<group>"; };
		A788EDA019FF649400BF4B02 /* ParseFacebookUtils.framework */ = {isa = PBXFileReference; lastKnownFileType = wrapper.framework; path = ParseFacebookUtils.framework; sourceTree = "<group>"; };
		A79B9D491A4904FC0030F56D /* FacebookSDK.framework */ = {isa = PBXFileReference; lastKnownFileType = wrapper.framework; name = FacebookSDK.framework; path = FacebookSDK/FacebookSDK.framework; sourceTree = "<group>"; };
		A79B9D4B1A4A32C90030F56D /* Conversation.swift */ = {isa = PBXFileReference; fileEncoding = 4; lastKnownFileType = sourcecode.swift; path = Conversation.swift; sourceTree = "<group>"; };
		A79D69021A60C1C400E7BA94 /* LoginViewController.swift */ = {isa = PBXFileReference; fileEncoding = 4; lastKnownFileType = sourcecode.swift; path = LoginViewController.swift; sourceTree = "<group>"; };
		A79D69041A60C1D100E7BA94 /* SignupViewController.swift */ = {isa = PBXFileReference; fileEncoding = 4; lastKnownFileType = sourcecode.swift; path = SignupViewController.swift; sourceTree = "<group>"; };
		A79D69101A60DC1B00E7BA94 /* MyProfileViewController.swift */ = {isa = PBXFileReference; fileEncoding = 4; lastKnownFileType = sourcecode.swift; path = MyProfileViewController.swift; sourceTree = "<group>"; };
		A7FD59CB1A4AC8680074D2AF /* Message.swift */ = {isa = PBXFileReference; fileEncoding = 4; lastKnownFileType = sourcecode.swift; path = Message.swift; sourceTree = "<group>"; };
		A7FD59D01A50011A0074D2AF /* UserData.swift */ = {isa = PBXFileReference; fileEncoding = 4; lastKnownFileType = sourcecode.swift; path = UserData.swift; sourceTree = "<group>"; };
		D3FCDA8819FF567800D1A8FB /* Accounts.framework */ = {isa = PBXFileReference; lastKnownFileType = wrapper.framework; name = Accounts.framework; path = System/Library/Frameworks/Accounts.framework; sourceTree = SDKROOT; };
		D3FCDA8A19FF567F00D1A8FB /* AudioToolbox.framework */ = {isa = PBXFileReference; lastKnownFileType = wrapper.framework; name = AudioToolbox.framework; path = System/Library/Frameworks/AudioToolbox.framework; sourceTree = SDKROOT; };
		D3FCDA8C19FF568300D1A8FB /* CFNetwork.framework */ = {isa = PBXFileReference; lastKnownFileType = wrapper.framework; name = CFNetwork.framework; path = System/Library/Frameworks/CFNetwork.framework; sourceTree = SDKROOT; };
		D3FCDA8E19FF568A00D1A8FB /* CoreGraphics.framework */ = {isa = PBXFileReference; lastKnownFileType = wrapper.framework; name = CoreGraphics.framework; path = System/Library/Frameworks/CoreGraphics.framework; sourceTree = SDKROOT; };
		D3FCDA9019FF56A300D1A8FB /* libz.dylib */ = {isa = PBXFileReference; lastKnownFileType = "compiled.mach-o.dylib"; name = libz.dylib; path = usr/lib/libz.dylib; sourceTree = SDKROOT; };
		D3FCDA9219FF56B100D1A8FB /* MobileCoreServices.framework */ = {isa = PBXFileReference; lastKnownFileType = wrapper.framework; name = MobileCoreServices.framework; path = System/Library/Frameworks/MobileCoreServices.framework; sourceTree = SDKROOT; };
		D3FCDA9419FF56BA00D1A8FB /* QuartzCore.framework */ = {isa = PBXFileReference; lastKnownFileType = wrapper.framework; name = QuartzCore.framework; path = System/Library/Frameworks/QuartzCore.framework; sourceTree = SDKROOT; };
		D3FCDA9619FF56C200D1A8FB /* Security.framework */ = {isa = PBXFileReference; lastKnownFileType = wrapper.framework; name = Security.framework; path = System/Library/Frameworks/Security.framework; sourceTree = SDKROOT; };
		D3FCDA9819FF56D600D1A8FB /* Social.framework */ = {isa = PBXFileReference; lastKnownFileType = wrapper.framework; name = Social.framework; path = System/Library/Frameworks/Social.framework; sourceTree = SDKROOT; };
		D3FCDA9A19FF56DF00D1A8FB /* StoreKit.framework */ = {isa = PBXFileReference; lastKnownFileType = wrapper.framework; name = StoreKit.framework; path = System/Library/Frameworks/StoreKit.framework; sourceTree = SDKROOT; };
		D3FCDA9C19FF56E800D1A8FB /* SystemConfiguration.framework */ = {isa = PBXFileReference; lastKnownFileType = wrapper.framework; name = SystemConfiguration.framework; path = System/Library/Frameworks/SystemConfiguration.framework; sourceTree = SDKROOT; };
		D3FCDA9E19FF580500D1A8FB /* sling-Bridging-Header.h */ = {isa = PBXFileReference; lastKnownFileType = sourcecode.c.h; path = "sling-Bridging-Header.h"; sourceTree = "<group>"; };
/* End PBXFileReference section */

/* Begin PBXFrameworksBuildPhase section */
		82703F3719F0A3E600EBEC4E /* Frameworks */ = {
			isa = PBXFrameworksBuildPhase;
			buildActionMask = 2147483647;
			files = (
				A79B9D4A1A4904FC0030F56D /* FacebookSDK.framework in Frameworks */,
				A788EDA319FF649400BF4B02 /* ParseFacebookUtils.framework in Frameworks */,
				D3FCDA9D19FF56E800D1A8FB /* SystemConfiguration.framework in Frameworks */,
				D3FCDA9B19FF56DF00D1A8FB /* StoreKit.framework in Frameworks */,
				D3FCDA9919FF56D600D1A8FB /* Social.framework in Frameworks */,
				A788EDA119FF649400BF4B02 /* Bolts.framework in Frameworks */,
				D3FCDA9719FF56C200D1A8FB /* Security.framework in Frameworks */,
				D3FCDA9519FF56BA00D1A8FB /* QuartzCore.framework in Frameworks */,
				A788EDA219FF649400BF4B02 /* Parse.framework in Frameworks */,
				D3FCDA9319FF56B100D1A8FB /* MobileCoreServices.framework in Frameworks */,
				D3FCDA9119FF56A300D1A8FB /* libz.dylib in Frameworks */,
				D3FCDA8F19FF568A00D1A8FB /* CoreGraphics.framework in Frameworks */,
				D3FCDA8D19FF568300D1A8FB /* CFNetwork.framework in Frameworks */,
				D3FCDA8B19FF567F00D1A8FB /* AudioToolbox.framework in Frameworks */,
				D3FCDA8919FF567800D1A8FB /* Accounts.framework in Frameworks */,
			);
			runOnlyForDeploymentPostprocessing = 0;
		};
		82703F4C19F0A3E600EBEC4E /* Frameworks */ = {
			isa = PBXFrameworksBuildPhase;
			buildActionMask = 2147483647;
			files = (
			);
			runOnlyForDeploymentPostprocessing = 0;
		};
/* End PBXFrameworksBuildPhase section */

/* Begin PBXGroup section */
		815BF0821A5E1BF9003D2FCC /* JSQMessagesViewController */ = {
			isa = PBXGroup;
			children = (
				815BF0831A5E1BF9003D2FCC /* Assets */,
				815BF0981A5E1BF9003D2FCC /* Categories */,
				815BF0A31A5E1BF9003D2FCC /* Controllers */,
				815BF0A91A5E1BF9003D2FCC /* Factories */,
				815BF0B21A5E1BF9003D2FCC /* JSQMessages.h */,
				815BF0B31A5E1BF9003D2FCC /* Layout */,
				815BF0BA1A5E1BF9003D2FCC /* Model */,
				815BF0BE1A5E1BF9003D2FCC /* Views */,
			);
			name = JSQMessagesViewController;
			path = JSQMessagesViewController/JSQMessagesViewController;
			sourceTree = "<group>";
		};
		815BF0831A5E1BF9003D2FCC /* Assets */ = {
			isa = PBXGroup;
			children = (
				815BF0841A5E1BF9003D2FCC /* Images */,
				815BF0951A5E1BF9003D2FCC /* Sounds */,
			);
			path = Assets;
			sourceTree = "<group>";
		};
		815BF0841A5E1BF9003D2FCC /* Images */ = {
			isa = PBXGroup;
			children = (
				815BF0851A5E1BF9003D2FCC /* bubble.png */,
				815BF0861A5E1BF9003D2FCC /* bubble@2x.png */,
				815BF0871A5E1BF9003D2FCC /* bubble_min.png */,
				815BF0881A5E1BF9003D2FCC /* bubble_min@2x.png */,
				815BF0891A5E1BF9003D2FCC /* bubble_min_tailless.png */,
				815BF08A1A5E1BF9003D2FCC /* bubble_min_tailless@2x.png */,
				815BF08B1A5E1BF9003D2FCC /* bubble_stroked.png */,
				815BF08C1A5E1BF9003D2FCC /* bubble_stroked@2x.png */,
				815BF08D1A5E1BF9003D2FCC /* bubble_stroked_tailless.png */,
				815BF08E1A5E1BF9003D2FCC /* bubble_stroked_tailless@2x.png */,
				815BF08F1A5E1BF9003D2FCC /* bubble_tailless.png */,
				815BF0901A5E1BF9003D2FCC /* bubble_tailless@2x.png */,
				815BF0911A5E1BF9003D2FCC /* camera.png */,
				815BF0921A5E1BF9003D2FCC /* camera@2x.png */,
				815BF0931A5E1BF9003D2FCC /* typing.png */,
				815BF0941A5E1BF9003D2FCC /* typing@2x.png */,
			);
			path = Images;
			sourceTree = "<group>";
		};
		815BF0951A5E1BF9003D2FCC /* Sounds */ = {
			isa = PBXGroup;
			children = (
				815BF0961A5E1BF9003D2FCC /* message_received.aiff */,
				815BF0971A5E1BF9003D2FCC /* message_sent.aiff */,
			);
			path = Sounds;
			sourceTree = "<group>";
		};
		815BF0981A5E1BF9003D2FCC /* Categories */ = {
			isa = PBXGroup;
			children = (
				815BF0991A5E1BF9003D2FCC /* JSQSystemSoundPlayer+JSQMessages.h */,
				815BF09A1A5E1BF9003D2FCC /* JSQSystemSoundPlayer+JSQMessages.m */,
				815BF09B1A5E1BF9003D2FCC /* NSString+JSQMessages.h */,
				815BF09C1A5E1BF9003D2FCC /* NSString+JSQMessages.m */,
				815BF09D1A5E1BF9003D2FCC /* UIColor+JSQMessages.h */,
				815BF09E1A5E1BF9003D2FCC /* UIColor+JSQMessages.m */,
				815BF09F1A5E1BF9003D2FCC /* UIImage+JSQMessages.h */,
				815BF0A01A5E1BF9003D2FCC /* UIImage+JSQMessages.m */,
				815BF0A11A5E1BF9003D2FCC /* UIView+JSQMessages.h */,
				815BF0A21A5E1BF9003D2FCC /* UIView+JSQMessages.m */,
			);
			path = Categories;
			sourceTree = "<group>";
		};
		815BF0A31A5E1BF9003D2FCC /* Controllers */ = {
			isa = PBXGroup;
			children = (
				815BF0A41A5E1BF9003D2FCC /* JSQMessagesKeyboardController.h */,
				815BF0A51A5E1BF9003D2FCC /* JSQMessagesKeyboardController.m */,
				815BF0A61A5E1BF9003D2FCC /* JSQMessagesViewController.h */,
				815BF0A71A5E1BF9003D2FCC /* JSQMessagesViewController.m */,
				815BF0A81A5E1BF9003D2FCC /* JSQMessagesViewController.xib */,
			);
			path = Controllers;
			sourceTree = "<group>";
		};
		815BF0A91A5E1BF9003D2FCC /* Factories */ = {
			isa = PBXGroup;
			children = (
				815BF0AA1A5E1BF9003D2FCC /* JSQMessagesAvatarFactory.h */,
				815BF0AB1A5E1BF9003D2FCC /* JSQMessagesAvatarFactory.m */,
				815BF0AC1A5E1BF9003D2FCC /* JSQMessagesBubbleImageFactory.h */,
				815BF0AD1A5E1BF9003D2FCC /* JSQMessagesBubbleImageFactory.m */,
				815BF0AE1A5E1BF9003D2FCC /* JSQMessagesTimestampFormatter.h */,
				815BF0AF1A5E1BF9003D2FCC /* JSQMessagesTimestampFormatter.m */,
				815BF0B01A5E1BF9003D2FCC /* JSQMessagesToolbarButtonFactory.h */,
				815BF0B11A5E1BF9003D2FCC /* JSQMessagesToolbarButtonFactory.m */,
			);
			path = Factories;
			sourceTree = "<group>";
		};
		815BF0B31A5E1BF9003D2FCC /* Layout */ = {
			isa = PBXGroup;
			children = (
				815BF0B41A5E1BF9003D2FCC /* JSQMessagesCollectionViewFlowLayout.h */,
				815BF0B51A5E1BF9003D2FCC /* JSQMessagesCollectionViewFlowLayout.m */,
				815BF0B61A5E1BF9003D2FCC /* JSQMessagesCollectionViewFlowLayoutInvalidationContext.h */,
				815BF0B71A5E1BF9003D2FCC /* JSQMessagesCollectionViewFlowLayoutInvalidationContext.m */,
				815BF0B81A5E1BF9003D2FCC /* JSQMessagesCollectionViewLayoutAttributes.h */,
				815BF0B91A5E1BF9003D2FCC /* JSQMessagesCollectionViewLayoutAttributes.m */,
			);
			path = Layout;
			sourceTree = "<group>";
		};
		815BF0BA1A5E1BF9003D2FCC /* Model */ = {
			isa = PBXGroup;
			children = (
				815BF0BB1A5E1BF9003D2FCC /* JSQMessage.h */,
				815BF0BC1A5E1BF9003D2FCC /* JSQMessage.m */,
				815BF0BD1A5E1BF9003D2FCC /* JSQMessageData.h */,
			);
			path = Model;
			sourceTree = "<group>";
		};
		815BF0BE1A5E1BF9003D2FCC /* Views */ = {
			isa = PBXGroup;
			children = (
				815BF0BF1A5E1BF9003D2FCC /* JSQMessagesCollectionView.h */,
				815BF0C01A5E1BF9003D2FCC /* JSQMessagesCollectionView.m */,
				815BF0C11A5E1BF9003D2FCC /* JSQMessagesCollectionViewCell.h */,
				815BF0C21A5E1BF9003D2FCC /* JSQMessagesCollectionViewCell.m */,
				815BF0C31A5E1BF9003D2FCC /* JSQMessagesCollectionViewCellIncoming.h */,
				815BF0C41A5E1BF9003D2FCC /* JSQMessagesCollectionViewCellIncoming.m */,
				815BF0C51A5E1BF9003D2FCC /* JSQMessagesCollectionViewCellIncoming.xib */,
				815BF0C61A5E1BF9003D2FCC /* JSQMessagesCollectionViewCellOutgoing.h */,
				815BF0C71A5E1BF9003D2FCC /* JSQMessagesCollectionViewCellOutgoing.m */,
				815BF0C81A5E1BF9003D2FCC /* JSQMessagesCollectionViewCellOutgoing.xib */,
				815BF0C91A5E1BF9003D2FCC /* JSQMessagesComposerTextView.h */,
				815BF0CA1A5E1BF9003D2FCC /* JSQMessagesComposerTextView.m */,
				815BF0CB1A5E1BF9003D2FCC /* JSQMessagesInputToolbar.h */,
				815BF0CC1A5E1BF9003D2FCC /* JSQMessagesInputToolbar.m */,
				815BF0CD1A5E1BF9003D2FCC /* JSQMessagesLabel.h */,
				815BF0CE1A5E1BF9003D2FCC /* JSQMessagesLabel.m */,
				815BF0CF1A5E1BF9003D2FCC /* JSQMessagesLoadEarlierHeaderView.h */,
				815BF0D01A5E1BF9003D2FCC /* JSQMessagesLoadEarlierHeaderView.m */,
				815BF0D11A5E1BF9003D2FCC /* JSQMessagesLoadEarlierHeaderView.xib */,
				815BF0D21A5E1BF9003D2FCC /* JSQMessagesToolbarContentView.h */,
				815BF0D31A5E1BF9003D2FCC /* JSQMessagesToolbarContentView.m */,
				815BF0D41A5E1BF9003D2FCC /* JSQMessagesToolbarContentView.xib */,
				815BF0D51A5E1BF9003D2FCC /* JSQMessagesTypingIndicatorFooterView.h */,
				815BF0D61A5E1BF9003D2FCC /* JSQMessagesTypingIndicatorFooterView.m */,
				815BF0D71A5E1BF9003D2FCC /* JSQMessagesTypingIndicatorFooterView.xib */,
			);
			path = Views;
			sourceTree = "<group>";
		};
		815BF1091A5E1C08003D2FCC /* JSQSystemSoundPlayer */ = {
			isa = PBXGroup;
			children = (
				815BF10A1A5E1C08003D2FCC /* Classes */,
			);
			name = JSQSystemSoundPlayer;
			path = JSQSystemSoundPlayer/JSQSystemSoundPlayer;
			sourceTree = "<group>";
		};
		815BF10A1A5E1C08003D2FCC /* Classes */ = {
			isa = PBXGroup;
			children = (
				815BF10B1A5E1C08003D2FCC /* JSQSystemSoundPlayer.h */,
				815BF10C1A5E1C08003D2FCC /* JSQSystemSoundPlayer.m */,
			);
			path = Classes;
			sourceTree = "<group>";
		};
		8172FD941A64C90B00B1BD29 /* Storyboards */ = {
			isa = PBXGroup;
			children = (
				82703F4319F0A3E600EBEC4E /* Main.storyboard */,
				817BCEEE1A622136008F5A39 /* NewPost.storyboard */,
				817BCEF01A622144008F5A39 /* Profile.storyboard */,
				817BCEEA1A6220F8008F5A39 /* Friends.storyboard */,
			);
			name = Storyboards;
			sourceTree = "<group>";
		};
		8172FD951A64C92F00B1BD29 /* Segues */ = {
			isa = PBXGroup;
			children = (
				81E0FE131A6377D800E62FE5 /* MessagesSegue.swift */,
				8152EFF41A644687007D93C3 /* FeedSegue.swift */,
				81E0FE151A6379B700E62FE5 /* FriendsSegue.swift */,
				8172FD921A64C6A700B1BD29 /* NewPostSegue.swift */,
			);
			name = Segues;
			sourceTree = "<group>";
		};
		81CCDB421A5CE83E00132A6F /* Frameworks */ = {
			isa = PBXGroup;
			children = (
				815BF1091A5E1C08003D2FCC /* JSQSystemSoundPlayer */,
				815BF0821A5E1BF9003D2FCC /* JSQMessagesViewController */,
				A79B9D491A4904FC0030F56D /* FacebookSDK.framework */,
				A788ED9E19FF649400BF4B02 /* Bolts.framework */,
				A788ED9F19FF649400BF4B02 /* Parse.framework */,
				A788EDA019FF649400BF4B02 /* ParseFacebookUtils.framework */,
				D3FCDA9C19FF56E800D1A8FB /* SystemConfiguration.framework */,
				D3FCDA9A19FF56DF00D1A8FB /* StoreKit.framework */,
				D3FCDA9819FF56D600D1A8FB /* Social.framework */,
				D3FCDA9619FF56C200D1A8FB /* Security.framework */,
				D3FCDA9419FF56BA00D1A8FB /* QuartzCore.framework */,
				D3FCDA9219FF56B100D1A8FB /* MobileCoreServices.framework */,
				D3FCDA9019FF56A300D1A8FB /* libz.dylib */,
				D3FCDA8E19FF568A00D1A8FB /* CoreGraphics.framework */,
				D3FCDA8C19FF568300D1A8FB /* CFNetwork.framework */,
				D3FCDA8A19FF567F00D1A8FB /* AudioToolbox.framework */,
				D3FCDA8819FF567800D1A8FB /* Accounts.framework */,
			);
			name = Frameworks;
			sourceTree = "<group>";
		};
		8217D6531A69750A00C94E90 /* SWRevealViewController */ = {
			isa = PBXGroup;
			children = (
				8217D6541A69750B00C94E90 /* SWRevealViewController.h */,
				8217D6551A69750B00C94E90 /* SWRevealViewController.m */,
			);
			path = SWRevealViewController;
			sourceTree = "<group>";
		};
		82703F3119F0A3E600EBEC4E = {
			isa = PBXGroup;
			children = (
				81CCDB421A5CE83E00132A6F /* Frameworks */,
				82703F3C19F0A3E600EBEC4E /* sling */,
				82703F5219F0A3E600EBEC4E /* slingTests */,
				82703F3B19F0A3E600EBEC4E /* Products */,
			);
			sourceTree = "<group>";
		};
		82703F3B19F0A3E600EBEC4E /* Products */ = {
			isa = PBXGroup;
			children = (
				82703F3A19F0A3E600EBEC4E /* sling.app */,
				82703F4F19F0A3E600EBEC4E /* slingTests.xctest */,
			);
			name = Products;
			sourceTree = "<group>";
		};
		82703F3C19F0A3E600EBEC4E /* sling */ = {
			isa = PBXGroup;
			children = (
				82703F3F19F0A3E600EBEC4E /* AppDelegate.swift */,
				8217D6531A69750A00C94E90 /* SWRevealViewController */,
				8172FD941A64C90B00B1BD29 /* Storyboards */,
				8172FD951A64C92F00B1BD29 /* Segues */,
				82B0A2331A5DA4D300887222 /* Messaging */,
				82B0A2341A5DA53A00887222 /* Users */,
				82B0A2361A5DA6B000887222 /* Threads */,
				82A25CBD19F18EC800B24156 /* QuestionData.xcdatamodeld */,
				82A25C8A19F14DA300B24156 /* SlingNavigationController.swift */,
				82703F4619F0A3E600EBEC4E /* Images.xcassets */,
				82703F4819F0A3E600EBEC4E /* LaunchScreen.xib */,
				82703F3D19F0A3E600EBEC4E /* Supporting Files */,
				D3FCDA9E19FF580500D1A8FB /* sling-Bridging-Header.h */,
			);
			path = sling;
			sourceTree = "<group>";
		};
		82703F3D19F0A3E600EBEC4E /* Supporting Files */ = {
			isa = PBXGroup;
			children = (
				82703F3E19F0A3E600EBEC4E /* Info.plist */,
			);
			name = "Supporting Files";
			sourceTree = "<group>";
		};
		82703F5219F0A3E600EBEC4E /* slingTests */ = {
			isa = PBXGroup;
			children = (
				82703F5519F0A3E600EBEC4E /* slingTests.swift */,
				82703F5319F0A3E600EBEC4E /* Supporting Files */,
			);
			path = slingTests;
			sourceTree = "<group>";
		};
		82703F5319F0A3E600EBEC4E /* Supporting Files */ = {
			isa = PBXGroup;
			children = (
				82703F5419F0A3E600EBEC4E /* Info.plist */,
			);
			name = "Supporting Files";
			sourceTree = "<group>";
		};
		82B0A2331A5DA4D300887222 /* Messaging */ = {
			isa = PBXGroup;
			children = (
				817C9C8A1A61B6BE005DF330 /* Messages.storyboard */,
				821416021A69AE95002A36E1 /* SidPanelViewController.swift */,
				82974ECC1A51BAE200D2B9F7 /* ConvoParentViewController.swift */,
				8118D1141A5CE90D001C0ADF /* ConvoViewController.swift */,
				82B0A22F1A5C7D0000887222 /* Discussion.swift */,
				82CE259219F9EB8A000A4424 /* TableCell.swift */,
				82935AFE19F0DB1800EC8C59 /* PostViewController.swift */,
				82703F6319F0B61800EBEC4E /* QuestionFeedViewController.swift */,
				82974EC81A4F169100D2B9F7 /* ConvoDetailViewController.swift */,
				A79B9D4B1A4A32C90030F56D /* Conversation.swift */,
				819BE1F11A7D74C800D15611 /* MessageCell.swift */,
				A7FD59CB1A4AC8680074D2AF /* Message.swift */,
			);
			name = Messaging;
			sourceTree = "<group>";
		};
		82B0A2341A5DA53A00887222 /* Users */ = {
			isa = PBXGroup;
			children = (
				A79D69101A60DC1B00E7BA94 /* MyProfileViewController.swift */,
				82974ED01A5457A200D2B9F7 /* UserCell.swift */,
				82974ECE1A54571A00D2B9F7 /* FriendCollectionViewController.swift */,
				A7FD59D01A50011A0074D2AF /* UserData.swift */,
				82B0A2311A5D9BAC00887222 /* FriendParentViewController.swift */,
				A79D69021A60C1C400E7BA94 /* LoginViewController.swift */,
				A79D69041A60C1D100E7BA94 /* SignupViewController.swift */,
				8251ADBF1A70279A00FD3437 /* UserSelectionImageView.swift */,
			);
			name = Users;
			sourceTree = "<group>";
		};
		82B0A2361A5DA6B000887222 /* Threads */ = {
			isa = PBXGroup;
			children = (
				817BCEEC1A622104008F5A39 /* Feed.storyboard */,
				82F7E0EE1A5B3DE600901922 /* ThreadCell.swift */,
				82F7E0EC1A5B3D7100901922 /* ThreadFeedViewController.swift */,
				82F7E0EA1A5B35D100901922 /* Thread.swift */,
				825DBC3A1A5F127300C8B07C /* ThreadDetailViewController.swift */,
				825DBC3C1A5F14CD00C8B07C /* Reply.swift */,
				825DBC3E1A5F825F00C8B07C /* ThreadAvatarImageView.swift */,
				82A8AEB11A7443D700D76A2C /* ThreadCollectionCell.swift */,
			);
			name = Threads;
			sourceTree = "<group>";
		};
/* End PBXGroup section */

/* Begin PBXNativeTarget section */
		82703F3919F0A3E600EBEC4E /* sling */ = {
			isa = PBXNativeTarget;
			buildConfigurationList = 82703F5919F0A3E600EBEC4E /* Build configuration list for PBXNativeTarget "sling" */;
			buildPhases = (
				82703F3619F0A3E600EBEC4E /* Sources */,
				82703F3719F0A3E600EBEC4E /* Frameworks */,
				82703F3819F0A3E600EBEC4E /* Resources */,
			);
			buildRules = (
			);
			dependencies = (
			);
			name = sling;
			productName = sling;
			productReference = 82703F3A19F0A3E600EBEC4E /* sling.app */;
			productType = "com.apple.product-type.application";
		};
		82703F4E19F0A3E600EBEC4E /* slingTests */ = {
			isa = PBXNativeTarget;
			buildConfigurationList = 82703F5C19F0A3E600EBEC4E /* Build configuration list for PBXNativeTarget "slingTests" */;
			buildPhases = (
				82703F4B19F0A3E600EBEC4E /* Sources */,
				82703F4C19F0A3E600EBEC4E /* Frameworks */,
				82703F4D19F0A3E600EBEC4E /* Resources */,
			);
			buildRules = (
			);
			dependencies = (
				82703F5119F0A3E600EBEC4E /* PBXTargetDependency */,
			);
			name = slingTests;
			productName = slingTests;
			productReference = 82703F4F19F0A3E600EBEC4E /* slingTests.xctest */;
			productType = "com.apple.product-type.bundle.unit-test";
		};
/* End PBXNativeTarget section */

/* Begin PBXProject section */
		82703F3219F0A3E600EBEC4E /* Project object */ = {
			isa = PBXProject;
			attributes = {
				LastUpgradeCheck = 0610;
				ORGANIZATIONNAME = "Avi Chad-Friedman";
				TargetAttributes = {
					82703F3919F0A3E600EBEC4E = {
						CreatedOnToolsVersion = 6.0.1;
						DevelopmentTeam = 8E34QZA6R9;
					};
					82703F4E19F0A3E600EBEC4E = {
						CreatedOnToolsVersion = 6.0.1;
						TestTargetID = 82703F3919F0A3E600EBEC4E;
					};
				};
			};
			buildConfigurationList = 82703F3519F0A3E600EBEC4E /* Build configuration list for PBXProject "sling" */;
			compatibilityVersion = "Xcode 3.2";
			developmentRegion = English;
			hasScannedForEncodings = 0;
			knownRegions = (
				en,
				Base,
				he,
				de,
				es,
				fr,
				it,
				nl,
				pl,
				pt,
				ro,
				ru,
				tr,
				"zh-Hans",
				"zh-Hant",
			);
			mainGroup = 82703F3119F0A3E600EBEC4E;
			productRefGroup = 82703F3B19F0A3E600EBEC4E /* Products */;
			projectDirPath = "";
			projectRoot = "";
			targets = (
				82703F3919F0A3E600EBEC4E /* sling */,
				82703F4E19F0A3E600EBEC4E /* slingTests */,
			);
		};
/* End PBXProject section */

/* Begin PBXResourcesBuildPhase section */
		82703F3819F0A3E600EBEC4E /* Resources */ = {
			isa = PBXResourcesBuildPhase;
			buildActionMask = 2147483647;
			files = (
				815BF0E81A5E1BF9003D2FCC /* message_received.aiff in Resources */,
				815BF0DE1A5E1BF9003D2FCC /* bubble_stroked.png in Resources */,
				82703F4519F0A3E600EBEC4E /* Main.storyboard in Resources */,
				815BF0FF1A5E1BF9003D2FCC /* JSQMessagesCollectionViewCellOutgoing.xib in Resources */,
				815BF0DC1A5E1BF9003D2FCC /* bubble_min_tailless.png in Resources */,
				815BF0D81A5E1BF9003D2FCC /* bubble.png in Resources */,
				815BF0E11A5E1BF9003D2FCC /* bubble_stroked_tailless@2x.png in Resources */,
				815BF0DA1A5E1BF9003D2FCC /* bubble_min.png in Resources */,
				815BF0E61A5E1BF9003D2FCC /* typing.png in Resources */,
				815BF0E41A5E1BF9003D2FCC /* camera.png in Resources */,
				815BF0FD1A5E1BF9003D2FCC /* JSQMessagesCollectionViewCellIncoming.xib in Resources */,
				815BF1061A5E1BF9003D2FCC /* JSQMessagesToolbarContentView.xib in Resources */,
				815BF0E01A5E1BF9003D2FCC /* bubble_stroked_tailless.png in Resources */,
				815BF0E51A5E1BF9003D2FCC /* camera@2x.png in Resources */,
				815BF0F11A5E1BF9003D2FCC /* JSQMessagesViewController.xib in Resources */,
				817BCEEB1A6220F8008F5A39 /* Friends.storyboard in Resources */,
				815BF0DB1A5E1BF9003D2FCC /* bubble_min@2x.png in Resources */,
				815BF0DF1A5E1BF9003D2FCC /* bubble_stroked@2x.png in Resources */,
				82703F4A19F0A3E600EBEC4E /* LaunchScreen.xib in Resources */,
				817C9C8B1A61B6BE005DF330 /* Messages.storyboard in Resources */,
				817BCEED1A622104008F5A39 /* Feed.storyboard in Resources */,
				815BF0E31A5E1BF9003D2FCC /* bubble_tailless@2x.png in Resources */,
				815BF0E71A5E1BF9003D2FCC /* typing@2x.png in Resources */,
				815BF0D91A5E1BF9003D2FCC /* bubble@2x.png in Resources */,
				817BCEEF1A622136008F5A39 /* NewPost.storyboard in Resources */,
				815BF1081A5E1BF9003D2FCC /* JSQMessagesTypingIndicatorFooterView.xib in Resources */,
				817BCEF11A622144008F5A39 /* Profile.storyboard in Resources */,
				815BF0E91A5E1BF9003D2FCC /* message_sent.aiff in Resources */,
				815BF0DD1A5E1BF9003D2FCC /* bubble_min_tailless@2x.png in Resources */,
				815BF0E21A5E1BF9003D2FCC /* bubble_tailless.png in Resources */,
				815BF1041A5E1BF9003D2FCC /* JSQMessagesLoadEarlierHeaderView.xib in Resources */,
				82703F4719F0A3E600EBEC4E /* Images.xcassets in Resources */,
			);
			runOnlyForDeploymentPostprocessing = 0;
		};
		82703F4D19F0A3E600EBEC4E /* Resources */ = {
			isa = PBXResourcesBuildPhase;
			buildActionMask = 2147483647;
			files = (
			);
			runOnlyForDeploymentPostprocessing = 0;
		};
/* End PBXResourcesBuildPhase section */

/* Begin PBXSourcesBuildPhase section */
		82703F3619F0A3E600EBEC4E /* Sources */ = {
			isa = PBXSourcesBuildPhase;
			buildActionMask = 2147483647;
			files = (
				815BF10D1A5E1C08003D2FCC /* JSQSystemSoundPlayer.m in Sources */,
				82F7E0ED1A5B3D7100901922 /* ThreadFeedViewController.swift in Sources */,
				815BF0F81A5E1BF9003D2FCC /* JSQMessagesCollectionViewLayoutAttributes.m in Sources */,
				8172FD931A64C6A700B1BD29 /* NewPostSegue.swift in Sources */,
				815BF0EB1A5E1BF9003D2FCC /* NSString+JSQMessages.m in Sources */,
				815BF0FC1A5E1BF9003D2FCC /* JSQMessagesCollectionViewCellIncoming.m in Sources */,
				815BF0F51A5E1BF9003D2FCC /* JSQMessagesToolbarButtonFactory.m in Sources */,
				A79B9D4C1A4A32C90030F56D /* Conversation.swift in Sources */,
				8251ADC01A70279A00FD3437 /* UserSelectionImageView.swift in Sources */,
				815BF0F21A5E1BF9003D2FCC /* JSQMessagesAvatarFactory.m in Sources */,
				82A25C8B19F14DA300B24156 /* SlingNavigationController.swift in Sources */,
				815BF0F01A5E1BF9003D2FCC /* JSQMessagesViewController.m in Sources */,
				82B0A2301A5C7D0000887222 /* Discussion.swift in Sources */,
				A79D69111A60DC1B00E7BA94 /* MyProfileViewController.swift in Sources */,
				82935AFF19F0DB1800EC8C59 /* PostViewController.swift in Sources */,
				815BF0FE1A5E1BF9003D2FCC /* JSQMessagesCollectionViewCellOutgoing.m in Sources */,
				81E0FE141A6377D800E62FE5 /* MessagesSegue.swift in Sources */,
				82974EC91A4F169100D2B9F7 /* ConvoDetailViewController.swift in Sources */,
				815BF1071A5E1BF9003D2FCC /* JSQMessagesTypingIndicatorFooterView.m in Sources */,
				8118D1151A5CE90D001C0ADF /* ConvoViewController.swift in Sources */,
				825DBC3F1A5F825F00C8B07C /* ThreadAvatarImageView.swift in Sources */,
				815BF1021A5E1BF9003D2FCC /* JSQMessagesLabel.m in Sources */,
				815BF0ED1A5E1BF9003D2FCC /* UIImage+JSQMessages.m in Sources */,
				815BF0EA1A5E1BF9003D2FCC /* JSQSystemSoundPlayer+JSQMessages.m in Sources */,
				82A8AEB21A7443D700D76A2C /* ThreadCollectionCell.swift in Sources */,
				82703F6419F0B61800EBEC4E /* QuestionFeedViewController.swift in Sources */,
				A79D69051A60C1D100E7BA94 /* SignupViewController.swift in Sources */,
				815BF0EC1A5E1BF9003D2FCC /* UIColor+JSQMessages.m in Sources */,
				82B0A2321A5D9BAC00887222 /* FriendParentViewController.swift in Sources */,
				82974ECF1A54571A00D2B9F7 /* FriendCollectionViewController.swift in Sources */,
				815BF1051A5E1BF9003D2FCC /* JSQMessagesToolbarContentView.m in Sources */,
				A7FD59D11A50011A0074D2AF /* UserData.swift in Sources */,
				825DBC3B1A5F127300C8B07C /* ThreadDetailViewController.swift in Sources */,
				815BF1031A5E1BF9003D2FCC /* JSQMessagesLoadEarlierHeaderView.m in Sources */,
				82F7E0EF1A5B3DE600901922 /* ThreadCell.swift in Sources */,
				A79D69031A60C1C400E7BA94 /* LoginViewController.swift in Sources */,
				82974ED11A5457A200D2B9F7 /* UserCell.swift in Sources */,
				82CE259319F9EB8A000A4424 /* TableCell.swift in Sources */,
				815BF0FA1A5E1BF9003D2FCC /* JSQMessagesCollectionView.m in Sources */,
				815BF0F31A5E1BF9003D2FCC /* JSQMessagesBubbleImageFactory.m in Sources */,
				815BF0EE1A5E1BF9003D2FCC /* UIView+JSQMessages.m in Sources */,
				819BE1F21A7D74C800D15611 /* MessageCell.swift in Sources */,
				815BF1001A5E1BF9003D2FCC /* JSQMessagesComposerTextView.m in Sources */,
				A7FD59CC1A4AC8680074D2AF /* Message.swift in Sources */,
				815BF0F41A5E1BF9003D2FCC /* JSQMessagesTimestampFormatter.m in Sources */,
				815BF0EF1A5E1BF9003D2FCC /* JSQMessagesKeyboardController.m in Sources */,
				8217D6561A69750B00C94E90 /* SWRevealViewController.m in Sources */,
				815BF0F61A5E1BF9003D2FCC /* JSQMessagesCollectionViewFlowLayout.m in Sources */,
				815BF0F91A5E1BF9003D2FCC /* JSQMessage.m in Sources */,
				825DBC3D1A5F14CD00C8B07C /* Reply.swift in Sources */,
				82974ECD1A51BAE200D2B9F7 /* ConvoParentViewController.swift in Sources */,
				81E0FE161A6379B700E62FE5 /* FriendsSegue.swift in Sources */,
				8152EFF51A644687007D93C3 /* FeedSegue.swift in Sources */,
				82703F4019F0A3E600EBEC4E /* AppDelegate.swift in Sources */,
				815BF0F71A5E1BF9003D2FCC /* JSQMessagesCollectionViewFlowLayoutInvalidationContext.m in Sources */,
				82A25CBF19F18EC800B24156 /* QuestionData.xcdatamodeld in Sources */,
				815BF1011A5E1BF9003D2FCC /* JSQMessagesInputToolbar.m in Sources */,
				821416031A69AE95002A36E1 /* SidPanelViewController.swift in Sources */,
				82F7E0EB1A5B35D100901922 /* Thread.swift in Sources */,
				815BF0FB1A5E1BF9003D2FCC /* JSQMessagesCollectionViewCell.m in Sources */,
			);
			runOnlyForDeploymentPostprocessing = 0;
		};
		82703F4B19F0A3E600EBEC4E /* Sources */ = {
			isa = PBXSourcesBuildPhase;
			buildActionMask = 2147483647;
			files = (
				82703F5619F0A3E600EBEC4E /* slingTests.swift in Sources */,
			);
			runOnlyForDeploymentPostprocessing = 0;
		};
/* End PBXSourcesBuildPhase section */

/* Begin PBXTargetDependency section */
		82703F5119F0A3E600EBEC4E /* PBXTargetDependency */ = {
			isa = PBXTargetDependency;
			target = 82703F3919F0A3E600EBEC4E /* sling */;
			targetProxy = 82703F5019F0A3E600EBEC4E /* PBXContainerItemProxy */;
		};
/* End PBXTargetDependency section */

/* Begin PBXVariantGroup section */
		82703F4319F0A3E600EBEC4E /* Main.storyboard */ = {
			isa = PBXVariantGroup;
			children = (
				82703F4419F0A3E600EBEC4E /* Base */,
			);
			name = Main.storyboard;
			sourceTree = "<group>";
		};
		82703F4819F0A3E600EBEC4E /* LaunchScreen.xib */ = {
			isa = PBXVariantGroup;
			children = (
				82703F4919F0A3E600EBEC4E /* Base */,
			);
			name = LaunchScreen.xib;
			sourceTree = "<group>";
		};
/* End PBXVariantGroup section */

/* Begin XCBuildConfiguration section */
		82703F5719F0A3E600EBEC4E /* Debug */ = {
			isa = XCBuildConfiguration;
			buildSettings = {
				ALWAYS_SEARCH_USER_PATHS = NO;
				CLANG_CXX_LANGUAGE_STANDARD = "gnu++0x";
				CLANG_CXX_LIBRARY = "libc++";
				CLANG_ENABLE_MODULES = YES;
				CLANG_ENABLE_OBJC_ARC = YES;
				CLANG_WARN_BOOL_CONVERSION = YES;
				CLANG_WARN_CONSTANT_CONVERSION = YES;
				CLANG_WARN_DIRECT_OBJC_ISA_USAGE = YES_ERROR;
				CLANG_WARN_EMPTY_BODY = YES;
				CLANG_WARN_ENUM_CONVERSION = YES;
				CLANG_WARN_INT_CONVERSION = YES;
				CLANG_WARN_OBJC_ROOT_CLASS = YES_ERROR;
				CLANG_WARN_UNREACHABLE_CODE = YES;
				CLANG_WARN__DUPLICATE_METHOD_MATCH = YES;
				"CODE_SIGN_IDENTITY[sdk=iphoneos*]" = "iPhone Developer";
				COPY_PHASE_STRIP = NO;
				ENABLE_STRICT_OBJC_MSGSEND = YES;
				GCC_C_LANGUAGE_STANDARD = gnu99;
				GCC_DYNAMIC_NO_PIC = NO;
				GCC_OPTIMIZATION_LEVEL = 0;
				GCC_PREPROCESSOR_DEFINITIONS = (
					"DEBUG=1",
					"$(inherited)",
				);
				GCC_SYMBOLS_PRIVATE_EXTERN = NO;
				GCC_WARN_64_TO_32_BIT_CONVERSION = YES;
				GCC_WARN_ABOUT_RETURN_TYPE = YES_ERROR;
				GCC_WARN_UNDECLARED_SELECTOR = YES;
				GCC_WARN_UNINITIALIZED_AUTOS = YES_AGGRESSIVE;
				GCC_WARN_UNUSED_FUNCTION = YES;
				GCC_WARN_UNUSED_VARIABLE = YES;
				IPHONEOS_DEPLOYMENT_TARGET = 8.0;
				MTL_ENABLE_DEBUG_INFO = YES;
				ONLY_ACTIVE_ARCH = YES;
				SDKROOT = iphoneos;
				SWIFT_OPTIMIZATION_LEVEL = "-Onone";
			};
			name = Debug;
		};
		82703F5819F0A3E600EBEC4E /* Release */ = {
			isa = XCBuildConfiguration;
			buildSettings = {
				ALWAYS_SEARCH_USER_PATHS = NO;
				CLANG_CXX_LANGUAGE_STANDARD = "gnu++0x";
				CLANG_CXX_LIBRARY = "libc++";
				CLANG_ENABLE_MODULES = YES;
				CLANG_ENABLE_OBJC_ARC = YES;
				CLANG_WARN_BOOL_CONVERSION = YES;
				CLANG_WARN_CONSTANT_CONVERSION = YES;
				CLANG_WARN_DIRECT_OBJC_ISA_USAGE = YES_ERROR;
				CLANG_WARN_EMPTY_BODY = YES;
				CLANG_WARN_ENUM_CONVERSION = YES;
				CLANG_WARN_INT_CONVERSION = YES;
				CLANG_WARN_OBJC_ROOT_CLASS = YES_ERROR;
				CLANG_WARN_UNREACHABLE_CODE = YES;
				CLANG_WARN__DUPLICATE_METHOD_MATCH = YES;
				"CODE_SIGN_IDENTITY[sdk=iphoneos*]" = "iPhone Developer";
				COPY_PHASE_STRIP = YES;
				ENABLE_NS_ASSERTIONS = NO;
				ENABLE_STRICT_OBJC_MSGSEND = YES;
				GCC_C_LANGUAGE_STANDARD = gnu99;
				GCC_WARN_64_TO_32_BIT_CONVERSION = YES;
				GCC_WARN_ABOUT_RETURN_TYPE = YES_ERROR;
				GCC_WARN_UNDECLARED_SELECTOR = YES;
				GCC_WARN_UNINITIALIZED_AUTOS = YES_AGGRESSIVE;
				GCC_WARN_UNUSED_FUNCTION = YES;
				GCC_WARN_UNUSED_VARIABLE = YES;
				IPHONEOS_DEPLOYMENT_TARGET = 8.0;
				MTL_ENABLE_DEBUG_INFO = NO;
				SDKROOT = iphoneos;
				VALIDATE_PRODUCT = YES;
			};
			name = Release;
		};
		82703F5A19F0A3E600EBEC4E /* Debug */ = {
			isa = XCBuildConfiguration;
			buildSettings = {
				ASSETCATALOG_COMPILER_APPICON_NAME = AppIcon;
				CLANG_ENABLE_MODULES = YES;
				CODE_SIGN_IDENTITY = "iPhone Developer";
				"CODE_SIGN_IDENTITY[sdk=iphoneos*]" = "iPhone Developer";
				FRAMEWORK_SEARCH_PATHS = (
					"$(inherited)",
					"/Users/evanoconnor/Downloads/parse-library-1.4.2",
					"$(PROJECT_DIR)",
					"$(PROJECT_DIR)/FacebookSDK",
					"$(PROJECT_DIR)/FacebookSDK/FBAudienceNetwork",
					/Users/evanoconnor/Documents/FacebookSDK,
				);
				INFOPLIST_FILE = sling/Info.plist;
				LD_RUNPATH_SEARCH_PATHS = "$(inherited) @executable_path/Frameworks";
				PRODUCT_NAME = "$(TARGET_NAME)";
				PROVISIONING_PROFILE = "";
				SWIFT_OBJC_BRIDGING_HEADER = "sling/sling-Bridging-Header.h";
				SWIFT_OPTIMIZATION_LEVEL = "-Onone";
			};
			name = Debug;
		};
		82703F5B19F0A3E600EBEC4E /* Release */ = {
			isa = XCBuildConfiguration;
			buildSettings = {
				ASSETCATALOG_COMPILER_APPICON_NAME = AppIcon;
				CLANG_ENABLE_MODULES = YES;
				CODE_SIGN_IDENTITY = "iPhone Developer";
				"CODE_SIGN_IDENTITY[sdk=iphoneos*]" = "iPhone Developer";
				FRAMEWORK_SEARCH_PATHS = (
					"$(inherited)",
					"/Users/evanoconnor/Downloads/parse-library-1.4.2",
					"$(PROJECT_DIR)",
					"$(PROJECT_DIR)/FacebookSDK",
					"$(PROJECT_DIR)/FacebookSDK/FBAudienceNetwork",
					/Users/evanoconnor/Documents/FacebookSDK,
				);
				INFOPLIST_FILE = sling/Info.plist;
				LD_RUNPATH_SEARCH_PATHS = "$(inherited) @executable_path/Frameworks";
				PRODUCT_NAME = "$(TARGET_NAME)";
				PROVISIONING_PROFILE = "";
				SWIFT_OBJC_BRIDGING_HEADER = "sling/sling-Bridging-Header.h";
			};
			name = Release;
		};
		82703F5D19F0A3E600EBEC4E /* Debug */ = {
			isa = XCBuildConfiguration;
			buildSettings = {
				BUNDLE_LOADER = "$(TEST_HOST)";
				FRAMEWORK_SEARCH_PATHS = (
					"$(SDKROOT)/Developer/Library/Frameworks",
					"$(inherited)",
				);
				GCC_PREPROCESSOR_DEFINITIONS = (
					"DEBUG=1",
					"$(inherited)",
				);
				INFOPLIST_FILE = slingTests/Info.plist;
				LD_RUNPATH_SEARCH_PATHS = "$(inherited) @executable_path/Frameworks @loader_path/Frameworks";
				PRODUCT_NAME = "$(TARGET_NAME)";
				TEST_HOST = "$(BUILT_PRODUCTS_DIR)/sling.app/sling";
			};
			name = Debug;
		};
		82703F5E19F0A3E600EBEC4E /* Release */ = {
			isa = XCBuildConfiguration;
			buildSettings = {
				BUNDLE_LOADER = "$(TEST_HOST)";
				FRAMEWORK_SEARCH_PATHS = (
					"$(SDKROOT)/Developer/Library/Frameworks",
					"$(inherited)",
				);
				INFOPLIST_FILE = slingTests/Info.plist;
				LD_RUNPATH_SEARCH_PATHS = "$(inherited) @executable_path/Frameworks @loader_path/Frameworks";
				PRODUCT_NAME = "$(TARGET_NAME)";
				TEST_HOST = "$(BUILT_PRODUCTS_DIR)/sling.app/sling";
			};
			name = Release;
		};
/* End XCBuildConfiguration section */

/* Begin XCConfigurationList section */
		82703F3519F0A3E600EBEC4E /* Build configuration list for PBXProject "sling" */ = {
			isa = XCConfigurationList;
			buildConfigurations = (
				82703F5719F0A3E600EBEC4E /* Debug */,
				82703F5819F0A3E600EBEC4E /* Release */,
			);
			defaultConfigurationIsVisible = 0;
			defaultConfigurationName = Release;
		};
		82703F5919F0A3E600EBEC4E /* Build configuration list for PBXNativeTarget "sling" */ = {
			isa = XCConfigurationList;
			buildConfigurations = (
				82703F5A19F0A3E600EBEC4E /* Debug */,
				82703F5B19F0A3E600EBEC4E /* Release */,
			);
			defaultConfigurationIsVisible = 0;
			defaultConfigurationName = Release;
		};
		82703F5C19F0A3E600EBEC4E /* Build configuration list for PBXNativeTarget "slingTests" */ = {
			isa = XCConfigurationList;
			buildConfigurations = (
				82703F5D19F0A3E600EBEC4E /* Debug */,
				82703F5E19F0A3E600EBEC4E /* Release */,
			);
			defaultConfigurationIsVisible = 0;
			defaultConfigurationName = Release;
		};
/* End XCConfigurationList section */

/* Begin XCVersionGroup section */
		82A25CBD19F18EC800B24156 /* QuestionData.xcdatamodeld */ = {
			isa = XCVersionGroup;
			children = (
				82A25CBE19F18EC800B24156 /* QuestionData.xcdatamodel */,
			);
			currentVersion = 82A25CBE19F18EC800B24156 /* QuestionData.xcdatamodel */;
			path = QuestionData.xcdatamodeld;
			sourceTree = "<group>";
			versionGroupType = wrapper.xcdatamodel;
		};
/* End XCVersionGroup section */
	};
	rootObject = 82703F3219F0A3E600EBEC4E /* Project object */;
}
